
Microsoft Visual Studio Solution File, Format Version 9.00
# Visual Studio 2005
Project("{E24C65DC-7377-472B-9ABA-BC803B73C61A}") = "D:\...\samples\", ".", "{E1744974-A756-4B13-850D-729AFC709B25}"
	ProjectSection(WebsiteProperties) = preProject
		Debug.AspNetCompiler.VirtualPath = "/webclient"
		Debug.AspNetCompiler.PhysicalPath = "..\..\..\devel\webapp\webclient\"
		Debug.AspNetCompiler.TargetPath = "PrecompiledWeb\webclient\"
		Debug.AspNetCompiler.Updateable = "true"
		Debug.AspNetCompiler.ForceOverwrite = "true"
		Debug.AspNetCompiler.FixedNames = "false"
		Debug.AspNetCompiler.Debug = "True"
		Release.AspNetCompiler.VirtualPath = "/webclient"
		Release.AspNetCompiler.PhysicalPath = "..\..\..\devel\webapp\webclient\"
		Release.AspNetCompiler.TargetPath = "PrecompiledWeb\webclient\"
		Release.AspNetCompiler.Updateable = "true"
		Release.AspNetCompiler.ForceOverwrite = "true"
		Release.AspNetCompiler.FixedNames = "false"
		Release.AspNetCompiler.Debug = "False"
		VWDPort = "2326"
	EndProjectSection
EndProject
Global
	GlobalSection(SolutionConfigurationPlatforms) = preSolution
		Debug|.NET = Debug|.NET
	EndGlobalSection
	GlobalSection(ProjectConfigurationPlatforms) = postSolution
		{E1744974-A756-4B13-850D-729AFC709B25}.Debug|.NET.ActiveCfg = Debug|.NET
		{E1744974-A756-4B13-850D-729AFC709B25}.Debug|.NET.Build.0 = Debug|.NET
	EndGlobalSection
	GlobalSection(SolutionProperties) = preSolution
		HideSolutionNode = FALSE
	EndGlobalSection
EndGlobal
