
Microsoft Visual Studio Solution File, Format Version 9.00
# Visual Studio 2005
Project("{8BC9CEB8-8B4A-11D0-8D11-00A0C91BC942}") = "staff_module", "axis2\staff_module\staff_module.vcproj", "{F637BFE7-BC1B-4DDA-9850-CD3FBEB747D2}"
	ProjectSection(ProjectDependencies) = postProject
		{31DFC1BC-999D-474D-9F2F-415231BA2271} = {31DFC1BC-999D-474D-9F2F-415231BA2271}
		{9B56D490-8915-402F-AC6D-96C5111DA67A} = {9B56D490-8915-402F-AC6D-96C5111DA67A}
	EndProjectSection
EndProject
Project("{8BC9CEB8-8B4A-11D0-8D11-00A0C91BC942}") = "staff_security_module", "axis2\staff_security_module\staff_axis2_security_module.vcproj", "{924970EA-AB90-40B0-84D7-F48E508D9607}"
	ProjectSection(ProjectDependencies) = postProject
		{F1B7CC6B-6698-4810-8A73-7CD32C0EE2A0} = {F1B7CC6B-6698-4810-8A73-7CD32C0EE2A0}
	EndProjectSection
EndProject
Project("{8BC9CEB8-8B4A-11D0-8D11-00A0C91BC942}") = "staff_service", "axis2\staff_service\staff_axis2_service.vcproj", "{D357200B-1633-4350-AFD2-7E51D7248D49}"
	ProjectSection(ProjectDependencies) = postProject
		{31DFC1BC-999D-474D-9F2F-415231BA2271} = {31DFC1BC-999D-474D-9F2F-415231BA2271}
		{9B56D490-8915-402F-AC6D-96C5111DA67A} = {9B56D490-8915-402F-AC6D-96C5111DA67A}
		{F1B7CC6B-6698-4810-8A73-7CD32C0EE2A0} = {F1B7CC6B-6698-4810-8A73-7CD32C0EE2A0}
	EndProjectSection
EndProject
Project("{8BC9CEB8-8B4A-11D0-8D11-00A0C91BC942}") = "staff.admin.AccountAdmin", "components\admin\AccountAdmin\staff.admin.AccountAdmin_service.vcproj", "{4866FA75-38E7-4B16-B072-D991831D2BC0}"
	ProjectSection(ProjectDependencies) = postProject
		{2F182FEC-9149-4670-A7C0-1665830EB6EA} = {2F182FEC-9149-4670-A7C0-1665830EB6EA}
		{31DFC1BC-999D-474D-9F2F-415231BA2271} = {31DFC1BC-999D-474D-9F2F-415231BA2271}
		{9B56D490-8915-402F-AC6D-96C5111DA67A} = {9B56D490-8915-402F-AC6D-96C5111DA67A}
		{F1B7CC6B-6698-4810-8A73-7CD32C0EE2A0} = {F1B7CC6B-6698-4810-8A73-7CD32C0EE2A0}
	EndProjectSection
EndProject
Project("{8BC9CEB8-8B4A-11D0-8D11-00A0C91BC942}") = "staff.Login", "components\Login\staff_login_service.vcproj", "{6CBAF82D-29DA-4709-9151-3511B596C396}"
	ProjectSection(ProjectDependencies) = postProject
		{31DFC1BC-999D-474D-9F2F-415231BA2271} = {31DFC1BC-999D-474D-9F2F-415231BA2271}
		{9B56D490-8915-402F-AC6D-96C5111DA67A} = {9B56D490-8915-402F-AC6D-96C5111DA67A}
		{F1B7CC6B-6698-4810-8A73-7CD32C0EE2A0} = {F1B7CC6B-6698-4810-8A73-7CD32C0EE2A0}
	EndProjectSection
EndProject
Project("{8BC9CEB8-8B4A-11D0-8D11-00A0C91BC942}") = "client", "core\client\staff_client.vcproj", "{B98F5740-E61D-40B9-AE1E-0C150A248937}"
	ProjectSection(ProjectDependencies) = postProject
		{31DFC1BC-999D-474D-9F2F-415231BA2271} = {31DFC1BC-999D-474D-9F2F-415231BA2271}
	EndProjectSection
EndProject
Project("{8BC9CEB8-8B4A-11D0-8D11-00A0C91BC942}") = "common", "core\common\staffcommon.vcproj", "{31DFC1BC-999D-474D-9F2F-415231BA2271}"
EndProject
Project("{8BC9CEB8-8B4A-11D0-8D11-00A0C91BC942}") = "component", "core\component\staffcomponent.vcproj", "{9B56D490-8915-402F-AC6D-96C5111DA67A}"
	ProjectSection(ProjectDependencies) = postProject
		{31DFC1BC-999D-474D-9F2F-415231BA2271} = {31DFC1BC-999D-474D-9F2F-415231BA2271}
		{F1B7CC6B-6698-4810-8A73-7CD32C0EE2A0} = {F1B7CC6B-6698-4810-8A73-7CD32C0EE2A0}
	EndProjectSection
EndProject
Project("{8BC9CEB8-8B4A-11D0-8D11-00A0C91BC942}") = "security", "core\security\staff_security.vcproj", "{F1B7CC6B-6698-4810-8A73-7CD32C0EE2A0}"
	ProjectSection(ProjectDependencies) = postProject
		{31DFC1BC-999D-474D-9F2F-415231BA2271} = {31DFC1BC-999D-474D-9F2F-415231BA2271}
		{9AF8F9C4-D049-417A-817A-08017076274C} = {9AF8F9C4-D049-417A-817A-08017076274C}
	EndProjectSection
EndProject
Project("{8BC9CEB8-8B4A-11D0-8D11-00A0C91BC942}") = "staff_codegen", "tools\codegen\staff_codegen.vcproj", "{2F182FEC-9149-4670-A7C0-1665830EB6EA}"
EndProject
Project("{2150E333-8FDC-42A3-9474-1A3956D46DE8}") = "core", "core", "{7F9751B9-F37A-42E1-9633-48A011B114ED}"
EndProject
Project("{2150E333-8FDC-42A3-9474-1A3956D46DE8}") = "components", "components", "{DC49954A-DB4B-4C35-A1CE-F0F78753DA46}"
EndProject
Project("{2150E333-8FDC-42A3-9474-1A3956D46DE8}") = "tools", "tools", "{156FF2FF-B691-4F8B-9327-10FE0F0C4BED}"
EndProject
Project("{2150E333-8FDC-42A3-9474-1A3956D46DE8}") = "axis2", "axis2", "{B8DEA230-B438-43F7-9554-A9C7DCD5F958}"
EndProject
Project("{8BC9CEB8-8B4A-11D0-8D11-00A0C91BC942}") = "staff.admin.ObjectAdmin", "components\admin\ObjectAdmin\staff.admin.ObjectAdmin_service.vcproj", "{BEBBC7CA-8964-4C70-AFBA-A8A9F3D64095}"
	ProjectSection(ProjectDependencies) = postProject
		{2F182FEC-9149-4670-A7C0-1665830EB6EA} = {2F182FEC-9149-4670-A7C0-1665830EB6EA}
		{31DFC1BC-999D-474D-9F2F-415231BA2271} = {31DFC1BC-999D-474D-9F2F-415231BA2271}
		{9B56D490-8915-402F-AC6D-96C5111DA67A} = {9B56D490-8915-402F-AC6D-96C5111DA67A}
		{F1B7CC6B-6698-4810-8A73-7CD32C0EE2A0} = {F1B7CC6B-6698-4810-8A73-7CD32C0EE2A0}
	EndProjectSection
EndProject
Project("{8BC9CEB8-8B4A-11D0-8D11-00A0C91BC942}") = "staffcgparser-cpp", "tools\codegen_parsers\cpp\staffcgparser-cpp.vcproj", "{1CD70DE6-7105-4356-B5D6-F79D24DEC446}"
	ProjectSection(ProjectDependencies) = postProject
		{2F182FEC-9149-4670-A7C0-1665830EB6EA} = {2F182FEC-9149-4670-A7C0-1665830EB6EA}
	EndProjectSection
EndProject
Project("{8BC9CEB8-8B4A-11D0-8D11-00A0C91BC942}") = "staffcgparser-wsdl", "tools\codegen_parsers\wsdl\staffcgparser-wsdl.vcproj", "{EFCDBF3C-645D-4533-AE62-57796546B25E}"
	ProjectSection(ProjectDependencies) = postProject
		{2F182FEC-9149-4670-A7C0-1665830EB6EA} = {2F182FEC-9149-4670-A7C0-1665830EB6EA}
	EndProjectSection
EndProject
Project("{2150E333-8FDC-42A3-9474-1A3956D46DE8}") = "samples", "samples", "{F27FC678-F445-4972-BEEE-7F6303F6B3D4}"
EndProject
Project("{8BC9CEB8-8B4A-11D0-8D11-00A0C91BC942}") = "calc_client", "samples\calc\client\calc_client.vcproj", "{B61D2FDE-0ADF-4403-BCAF-12C331957D2E}"
	ProjectSection(ProjectDependencies) = postProject
		{2F182FEC-9149-4670-A7C0-1665830EB6EA} = {2F182FEC-9149-4670-A7C0-1665830EB6EA}
		{1CD70DE6-7105-4356-B5D6-F79D24DEC446} = {1CD70DE6-7105-4356-B5D6-F79D24DEC446}
		{31DFC1BC-999D-474D-9F2F-415231BA2271} = {31DFC1BC-999D-474D-9F2F-415231BA2271}
		{B98F5740-E61D-40B9-AE1E-0C150A248937} = {B98F5740-E61D-40B9-AE1E-0C150A248937}
	EndProjectSection
EndProject
Project("{8BC9CEB8-8B4A-11D0-8D11-00A0C91BC942}") = "samples.calc.CalcService", "samples\calc\component\calc_component.vcproj", "{C33A521D-4923-4F25-B423-6E921BB4851D}"
	ProjectSection(ProjectDependencies) = postProject
		{2F182FEC-9149-4670-A7C0-1665830EB6EA} = {2F182FEC-9149-4670-A7C0-1665830EB6EA}
		{1CD70DE6-7105-4356-B5D6-F79D24DEC446} = {1CD70DE6-7105-4356-B5D6-F79D24DEC446}
		{31DFC1BC-999D-474D-9F2F-415231BA2271} = {31DFC1BC-999D-474D-9F2F-415231BA2271}
		{9B56D490-8915-402F-AC6D-96C5111DA67A} = {9B56D490-8915-402F-AC6D-96C5111DA67A}
	EndProjectSection
EndProject
Project("{8BC9CEB8-8B4A-11D0-8D11-00A0C91BC942}") = "login_client", "samples\login\client\staff_test_login.vcproj", "{12E18618-4347-4996-8B2D-44BA412B8596}"
	ProjectSection(ProjectDependencies) = postProject
		{2F182FEC-9149-4670-A7C0-1665830EB6EA} = {2F182FEC-9149-4670-A7C0-1665830EB6EA}
		{1CD70DE6-7105-4356-B5D6-F79D24DEC446} = {1CD70DE6-7105-4356-B5D6-F79D24DEC446}
		{31DFC1BC-999D-474D-9F2F-415231BA2271} = {31DFC1BC-999D-474D-9F2F-415231BA2271}
		{B98F5740-E61D-40B9-AE1E-0C150A248937} = {B98F5740-E61D-40B9-AE1E-0C150A248937}
	EndProjectSection
EndProject
Project("{8BC9CEB8-8B4A-11D0-8D11-00A0C91BC942}") = "samples.rest.Customers", "samples\rest\component\rest_component.vcproj", "{0110C098-1617-4D24-9CF2-BE8265771627}"
	ProjectSection(ProjectDependencies) = postProject
		{2F182FEC-9149-4670-A7C0-1665830EB6EA} = {2F182FEC-9149-4670-A7C0-1665830EB6EA}
		{1CD70DE6-7105-4356-B5D6-F79D24DEC446} = {1CD70DE6-7105-4356-B5D6-F79D24DEC446}
		{31DFC1BC-999D-474D-9F2F-415231BA2271} = {31DFC1BC-999D-474D-9F2F-415231BA2271}
		{9B56D490-8915-402F-AC6D-96C5111DA67A} = {9B56D490-8915-402F-AC6D-96C5111DA67A}
	EndProjectSection
EndProject
Project("{8BC9CEB8-8B4A-11D0-8D11-00A0C91BC942}") = "sharedtypes_client", "samples\sharedtypes\client\sharedtypes_client.vcproj", "{37C7A15D-1051-4E4F-BC7B-5402462B92FC}"
	ProjectSection(ProjectDependencies) = postProject
		{2F182FEC-9149-4670-A7C0-1665830EB6EA} = {2F182FEC-9149-4670-A7C0-1665830EB6EA}
		{1CD70DE6-7105-4356-B5D6-F79D24DEC446} = {1CD70DE6-7105-4356-B5D6-F79D24DEC446}
		{31DFC1BC-999D-474D-9F2F-415231BA2271} = {31DFC1BC-999D-474D-9F2F-415231BA2271}
		{B98F5740-E61D-40B9-AE1E-0C150A248937} = {B98F5740-E61D-40B9-AE1E-0C150A248937}
	EndProjectSection
EndProject
Project("{8BC9CEB8-8B4A-11D0-8D11-00A0C91BC942}") = "samples.sharedtypes.Ticket", "samples\sharedtypes\component\sharedtypes_component.vcproj", "{ADA71F18-0214-4B6C-A160-382D01014160}"
	ProjectSection(ProjectDependencies) = postProject
		{2F182FEC-9149-4670-A7C0-1665830EB6EA} = {2F182FEC-9149-4670-A7C0-1665830EB6EA}
		{1CD70DE6-7105-4356-B5D6-F79D24DEC446} = {1CD70DE6-7105-4356-B5D6-F79D24DEC446}
		{31DFC1BC-999D-474D-9F2F-415231BA2271} = {31DFC1BC-999D-474D-9F2F-415231BA2271}
		{9B56D490-8915-402F-AC6D-96C5111DA67A} = {9B56D490-8915-402F-AC6D-96C5111DA67A}
	EndProjectSection
EndProject
Project("{2150E333-8FDC-42A3-9474-1A3956D46DE8}") = "calc", "calc", "{49A7BD43-2C8C-43E9-A9FD-241D549B891D}"
EndProject
Project("{2150E333-8FDC-42A3-9474-1A3956D46DE8}") = "login", "login", "{0922B58A-FA8E-4FAA-BA13-93B7E13E2A4E}"
EndProject
Project("{2150E333-8FDC-42A3-9474-1A3956D46DE8}") = "sharedtypes", "sharedtypes", "{6E768DD8-A6BF-4EBE-8EC4-DC9624F1C983}"
EndProject
Project("{2150E333-8FDC-42A3-9474-1A3956D46DE8}") = "echo", "echo", "{70D9582B-3C1B-44A4-90F1-9CCEA1EDEBA6}"
EndProject
Project("{8BC9CEB8-8B4A-11D0-8D11-00A0C91BC942}") = "echo_client_blocking", "samples\echo\client_blocking\echo_client_blocking.vcproj", "{8DA0ABEF-DFE2-427A-8027-973391D11D09}"
	ProjectSection(ProjectDependencies) = postProject
		{2F182FEC-9149-4670-A7C0-1665830EB6EA} = {2F182FEC-9149-4670-A7C0-1665830EB6EA}
		{1CD70DE6-7105-4356-B5D6-F79D24DEC446} = {1CD70DE6-7105-4356-B5D6-F79D24DEC446}
		{31DFC1BC-999D-474D-9F2F-415231BA2271} = {31DFC1BC-999D-474D-9F2F-415231BA2271}
		{B98F5740-E61D-40B9-AE1E-0C150A248937} = {B98F5740-E61D-40B9-AE1E-0C150A248937}
		{EFCDBF3C-645D-4533-AE62-57796546B25E} = {EFCDBF3C-645D-4533-AE62-57796546B25E}
	EndProjectSection
EndProject
Project("{8BC9CEB8-8B4A-11D0-8D11-00A0C91BC942}") = "echo_client_non_blocking", "samples\echo\client_non_blocking\echo_client_non_blocking.vcproj", "{9063FFF5-0C7F-4800-95E9-E7A12FA796D7}"
	ProjectSection(ProjectDependencies) = postProject
		{2F182FEC-9149-4670-A7C0-1665830EB6EA} = {2F182FEC-9149-4670-A7C0-1665830EB6EA}
		{1CD70DE6-7105-4356-B5D6-F79D24DEC446} = {1CD70DE6-7105-4356-B5D6-F79D24DEC446}
		{31DFC1BC-999D-474D-9F2F-415231BA2271} = {31DFC1BC-999D-474D-9F2F-415231BA2271}
		{B98F5740-E61D-40B9-AE1E-0C150A248937} = {B98F5740-E61D-40B9-AE1E-0C150A248937}
		{EFCDBF3C-645D-4533-AE62-57796546B25E} = {EFCDBF3C-645D-4533-AE62-57796546B25E}
	EndProjectSection
EndProject
Project("{8BC9CEB8-8B4A-11D0-8D11-00A0C91BC942}") = "echo_client_blocking_addr", "samples\echo\client_blocking_addr\echo_client_blocking_addr.vcproj", "{0677F97A-14A0-4A6A-A39D-3E968C610BC7}"
	ProjectSection(ProjectDependencies) = postProject
		{31DFC1BC-999D-474D-9F2F-415231BA2271} = {31DFC1BC-999D-474D-9F2F-415231BA2271}
		{B98F5740-E61D-40B9-AE1E-0C150A248937} = {B98F5740-E61D-40B9-AE1E-0C150A248937}
	EndProjectSection
EndProject
Project("{8BC9CEB8-8B4A-11D0-8D11-00A0C91BC942}") = "echo_client_blocking_dual", "samples\echo\client_blocking_dual\echo_client_blocking_dual.vcproj", "{5AA184D8-8D2E-4EE9-A394-C70CB1FB156D}"
	ProjectSection(ProjectDependencies) = postProject
		{31DFC1BC-999D-474D-9F2F-415231BA2271} = {31DFC1BC-999D-474D-9F2F-415231BA2271}
		{B98F5740-E61D-40B9-AE1E-0C150A248937} = {B98F5740-E61D-40B9-AE1E-0C150A248937}
	EndProjectSection
EndProject
Project("{8BC9CEB8-8B4A-11D0-8D11-00A0C91BC942}") = "echo_client_blocking_non_blocking", "samples\echo\client_blocking_non_blocking\echo_client_blocking_non_blocking.vcproj", "{BC28D4DE-3520-4A2D-A0C2-9723621D66F0}"
	ProjectSection(ProjectDependencies) = postProject
		{31DFC1BC-999D-474D-9F2F-415231BA2271} = {31DFC1BC-999D-474D-9F2F-415231BA2271}
		{B98F5740-E61D-40B9-AE1E-0C150A248937} = {B98F5740-E61D-40B9-AE1E-0C150A248937}
	EndProjectSection
EndProject
Project("{8BC9CEB8-8B4A-11D0-8D11-00A0C91BC942}") = "echo_client_blocking_soap11", "samples\echo\client_blocking_soap11\echo_client_blocking_soap11.vcproj", "{1E0EA61F-F791-437E-A1EA-3FF61E7E6466}"
	ProjectSection(ProjectDependencies) = postProject
		{31DFC1BC-999D-474D-9F2F-415231BA2271} = {31DFC1BC-999D-474D-9F2F-415231BA2271}
		{B98F5740-E61D-40B9-AE1E-0C150A248937} = {B98F5740-E61D-40B9-AE1E-0C150A248937}
	EndProjectSection
EndProject
Project("{8BC9CEB8-8B4A-11D0-8D11-00A0C91BC942}") = "echo_client_non_blocking_dual", "samples\echo\client_non_blocking_dual\echo_client_non_blocking_dual.vcproj", "{FA57DFAA-59AB-4DD0-B045-CFCD1323F533}"
	ProjectSection(ProjectDependencies) = postProject
		{31DFC1BC-999D-474D-9F2F-415231BA2271} = {31DFC1BC-999D-474D-9F2F-415231BA2271}
		{B98F5740-E61D-40B9-AE1E-0C150A248937} = {B98F5740-E61D-40B9-AE1E-0C150A248937}
	EndProjectSection
EndProject
Project("{8BC9CEB8-8B4A-11D0-8D11-00A0C91BC942}") = "echo_client_rest", "samples\echo\client_rest\echo_client_rest.vcproj", "{AE6DDADB-A500-402A-BAF3-70F9C4B1233D}"
	ProjectSection(ProjectDependencies) = postProject
		{31DFC1BC-999D-474D-9F2F-415231BA2271} = {31DFC1BC-999D-474D-9F2F-415231BA2271}
		{B98F5740-E61D-40B9-AE1E-0C150A248937} = {B98F5740-E61D-40B9-AE1E-0C150A248937}
	EndProjectSection
EndProject
Project("{8BC9CEB8-8B4A-11D0-8D11-00A0C91BC942}") = "echo_client_rest_static", "samples\echo\client_rest_static\echo_client_rest_static.vcproj", "{35E8E418-B3A8-47F4-983A-9447BF4BA8C1}"
	ProjectSection(ProjectDependencies) = postProject
		{31DFC1BC-999D-474D-9F2F-415231BA2271} = {31DFC1BC-999D-474D-9F2F-415231BA2271}
		{B98F5740-E61D-40B9-AE1E-0C150A248937} = {B98F5740-E61D-40B9-AE1E-0C150A248937}
	EndProjectSection
EndProject
Project("{8BC9CEB8-8B4A-11D0-8D11-00A0C91BC942}") = "echo_custom_client_blocking", "samples\echo\custom_client_blocking\echo_custom_client_blocking.vcproj", "{1E8F7AB5-0A00-4E9E-90E9-8BAAA7BB2F45}"
	ProjectSection(ProjectDependencies) = postProject
		{31DFC1BC-999D-474D-9F2F-415231BA2271} = {31DFC1BC-999D-474D-9F2F-415231BA2271}
		{B98F5740-E61D-40B9-AE1E-0C150A248937} = {B98F5740-E61D-40B9-AE1E-0C150A248937}
	EndProjectSection
EndProject
Project("{8BC9CEB8-8B4A-11D0-8D11-00A0C91BC942}") = "echo_custom_client_blocking_addr", "samples\echo\custom_client_blocking_addr\echo_custom_client_blocking_addr.vcproj", "{C5F769A6-5691-4472-90D4-47645F0E7EF0}"
	ProjectSection(ProjectDependencies) = postProject
		{31DFC1BC-999D-474D-9F2F-415231BA2271} = {31DFC1BC-999D-474D-9F2F-415231BA2271}
		{B98F5740-E61D-40B9-AE1E-0C150A248937} = {B98F5740-E61D-40B9-AE1E-0C150A248937}
	EndProjectSection
EndProject
Project("{8BC9CEB8-8B4A-11D0-8D11-00A0C91BC942}") = "echo_custom_client_blocking_soap11", "samples\echo\custom_client_blocking_soap11\echo_custom_client_blocking_soap11.vcproj", "{3153D3C1-F524-493A-B44A-BD4CF2C840B3}"
	ProjectSection(ProjectDependencies) = postProject
		{31DFC1BC-999D-474D-9F2F-415231BA2271} = {31DFC1BC-999D-474D-9F2F-415231BA2271}
		{B98F5740-E61D-40B9-AE1E-0C150A248937} = {B98F5740-E61D-40B9-AE1E-0C150A248937}
	EndProjectSection
EndProject
Project("{8BC9CEB8-8B4A-11D0-8D11-00A0C91BC942}") = "echo_custom_client_non_blocking", "samples\echo\custom_client_non_blocking\echo_custom_client_non_blocking.vcproj", "{8A1C6556-5368-4FC1-A4D6-B54E7F28C7DB}"
	ProjectSection(ProjectDependencies) = postProject
		{31DFC1BC-999D-474D-9F2F-415231BA2271} = {31DFC1BC-999D-474D-9F2F-415231BA2271}
		{B98F5740-E61D-40B9-AE1E-0C150A248937} = {B98F5740-E61D-40B9-AE1E-0C150A248937}
	EndProjectSection
EndProject
Project("{8BC9CEB8-8B4A-11D0-8D11-00A0C91BC942}") = "echo_custom_client_non_blocking_dual", "samples\echo\custom_client_non_blocking_dual\echo_custom_client_non_blocking_dual.vcproj", "{B812F39F-C144-4E0C-816B-CBC0518F8E83}"
	ProjectSection(ProjectDependencies) = postProject
		{31DFC1BC-999D-474D-9F2F-415231BA2271} = {31DFC1BC-999D-474D-9F2F-415231BA2271}
		{B98F5740-E61D-40B9-AE1E-0C150A248937} = {B98F5740-E61D-40B9-AE1E-0C150A248937}
	EndProjectSection
EndProject
Project("{8BC9CEB8-8B4A-11D0-8D11-00A0C91BC942}") = "echo_custom_client_rest", "samples\echo\custom_client_rest\echo_custom_client_rest.vcproj", "{204D5C26-21E8-4C6E-B5FC-A8197FAAA08E}"
	ProjectSection(ProjectDependencies) = postProject
		{31DFC1BC-999D-474D-9F2F-415231BA2271} = {31DFC1BC-999D-474D-9F2F-415231BA2271}
		{B98F5740-E61D-40B9-AE1E-0C150A248937} = {B98F5740-E61D-40B9-AE1E-0C150A248937}
	EndProjectSection
EndProject
Project("{8BC9CEB8-8B4A-11D0-8D11-00A0C91BC942}") = "echo_custom_client_blocking_dual", "samples\echo\custom_client_blocking_dual\echo_custom_client_blocking_dual.vcproj", "{ED1BCACF-F01A-4785-AB65-BA73FF6734F1}"
	ProjectSection(ProjectDependencies) = postProject
		{31DFC1BC-999D-474D-9F2F-415231BA2271} = {31DFC1BC-999D-474D-9F2F-415231BA2271}
		{B98F5740-E61D-40B9-AE1E-0C150A248937} = {B98F5740-E61D-40B9-AE1E-0C150A248937}
	EndProjectSection
EndProject
Project("{8BC9CEB8-8B4A-11D0-8D11-00A0C91BC942}") = "echo_client_blocking_auth", "samples\echo\client_blocking_auth\echo_client_blocking_auth.vcproj", "{7C2B1D9E-CCBB-4D3E-A1A3-403DB73C4145}"
EndProject
Project("{8BC9CEB8-8B4A-11D0-8D11-00A0C91BC942}") = "echo_custom_client_blocking_auth", "samples\echo\custom_client_blocking_auth\echo_custom_client_blocking_auth.vcproj", "{15799FB3-A1BD-4B65-8CD4-FAF4DFBDF889}"
EndProject
Project("{8BC9CEB8-8B4A-11D0-8D11-00A0C91BC942}") = "sqlite3", "core\sqlite3\staff_sqlite3.vcproj", "{9AF8F9C4-D049-417A-817A-08017076274C}"
EndProject
Global
	GlobalSection(SolutionConfigurationPlatforms) = preSolution
		Debug|Win32 = Debug|Win32
		Release|Win32 = Release|Win32
	EndGlobalSection
	GlobalSection(ProjectConfigurationPlatforms) = postSolution
		{F637BFE7-BC1B-4DDA-9850-CD3FBEB747D2}.Debug|Win32.ActiveCfg = Debug|Win32
		{F637BFE7-BC1B-4DDA-9850-CD3FBEB747D2}.Debug|Win32.Build.0 = Debug|Win32
		{F637BFE7-BC1B-4DDA-9850-CD3FBEB747D2}.Release|Win32.ActiveCfg = Release|Win32
		{F637BFE7-BC1B-4DDA-9850-CD3FBEB747D2}.Release|Win32.Build.0 = Release|Win32
		{924970EA-AB90-40B0-84D7-F48E508D9607}.Debug|Win32.ActiveCfg = Debug|Win32
		{924970EA-AB90-40B0-84D7-F48E508D9607}.Debug|Win32.Build.0 = Debug|Win32
		{924970EA-AB90-40B0-84D7-F48E508D9607}.Release|Win32.ActiveCfg = Release|Win32
		{924970EA-AB90-40B0-84D7-F48E508D9607}.Release|Win32.Build.0 = Release|Win32
		{D357200B-1633-4350-AFD2-7E51D7248D49}.Debug|Win32.ActiveCfg = Debug|Win32
		{D357200B-1633-4350-AFD2-7E51D7248D49}.Debug|Win32.Build.0 = Debug|Win32
		{D357200B-1633-4350-AFD2-7E51D7248D49}.Release|Win32.ActiveCfg = Release|Win32
		{D357200B-1633-4350-AFD2-7E51D7248D49}.Release|Win32.Build.0 = Release|Win32
		{4866FA75-38E7-4B16-B072-D991831D2BC0}.Debug|Win32.ActiveCfg = Debug|Win32
		{4866FA75-38E7-4B16-B072-D991831D2BC0}.Debug|Win32.Build.0 = Debug|Win32
		{4866FA75-38E7-4B16-B072-D991831D2BC0}.Release|Win32.ActiveCfg = Release|Win32
		{4866FA75-38E7-4B16-B072-D991831D2BC0}.Release|Win32.Build.0 = Release|Win32
		{6CBAF82D-29DA-4709-9151-3511B596C396}.Debug|Win32.ActiveCfg = Debug|Win32
		{6CBAF82D-29DA-4709-9151-3511B596C396}.Debug|Win32.Build.0 = Debug|Win32
		{6CBAF82D-29DA-4709-9151-3511B596C396}.Release|Win32.ActiveCfg = Release|Win32
		{6CBAF82D-29DA-4709-9151-3511B596C396}.Release|Win32.Build.0 = Release|Win32
		{B98F5740-E61D-40B9-AE1E-0C150A248937}.Debug|Win32.ActiveCfg = Debug|Win32
		{B98F5740-E61D-40B9-AE1E-0C150A248937}.Debug|Win32.Build.0 = Debug|Win32
		{B98F5740-E61D-40B9-AE1E-0C150A248937}.Release|Win32.ActiveCfg = Release|Win32
		{B98F5740-E61D-40B9-AE1E-0C150A248937}.Release|Win32.Build.0 = Release|Win32
		{31DFC1BC-999D-474D-9F2F-415231BA2271}.Debug|Win32.ActiveCfg = Debug|Win32
		{31DFC1BC-999D-474D-9F2F-415231BA2271}.Debug|Win32.Build.0 = Debug|Win32
		{31DFC1BC-999D-474D-9F2F-415231BA2271}.Release|Win32.ActiveCfg = Release|Win32
		{31DFC1BC-999D-474D-9F2F-415231BA2271}.Release|Win32.Build.0 = Release|Win32
		{9B56D490-8915-402F-AC6D-96C5111DA67A}.Debug|Win32.ActiveCfg = Debug|Win32
		{9B56D490-8915-402F-AC6D-96C5111DA67A}.Debug|Win32.Build.0 = Debug|Win32
		{9B56D490-8915-402F-AC6D-96C5111DA67A}.Release|Win32.ActiveCfg = Release|Win32
		{9B56D490-8915-402F-AC6D-96C5111DA67A}.Release|Win32.Build.0 = Release|Win32
		{F1B7CC6B-6698-4810-8A73-7CD32C0EE2A0}.Debug|Win32.ActiveCfg = Debug|Win32
		{F1B7CC6B-6698-4810-8A73-7CD32C0EE2A0}.Debug|Win32.Build.0 = Debug|Win32
		{F1B7CC6B-6698-4810-8A73-7CD32C0EE2A0}.Release|Win32.ActiveCfg = Release|Win32
		{F1B7CC6B-6698-4810-8A73-7CD32C0EE2A0}.Release|Win32.Build.0 = Release|Win32
		{2F182FEC-9149-4670-A7C0-1665830EB6EA}.Debug|Win32.ActiveCfg = Debug|Win32
		{2F182FEC-9149-4670-A7C0-1665830EB6EA}.Debug|Win32.Build.0 = Debug|Win32
		{2F182FEC-9149-4670-A7C0-1665830EB6EA}.Release|Win32.ActiveCfg = Release|Win32
		{2F182FEC-9149-4670-A7C0-1665830EB6EA}.Release|Win32.Build.0 = Release|Win32
		{BEBBC7CA-8964-4C70-AFBA-A8A9F3D64095}.Debug|Win32.ActiveCfg = Debug|Win32
		{BEBBC7CA-8964-4C70-AFBA-A8A9F3D64095}.Debug|Win32.Build.0 = Debug|Win32
		{BEBBC7CA-8964-4C70-AFBA-A8A9F3D64095}.Release|Win32.ActiveCfg = Release|Win32
		{BEBBC7CA-8964-4C70-AFBA-A8A9F3D64095}.Release|Win32.Build.0 = Release|Win32
		{1CD70DE6-7105-4356-B5D6-F79D24DEC446}.Debug|Win32.ActiveCfg = Debug|Win32
		{1CD70DE6-7105-4356-B5D6-F79D24DEC446}.Debug|Win32.Build.0 = Debug|Win32
		{1CD70DE6-7105-4356-B5D6-F79D24DEC446}.Release|Win32.ActiveCfg = Release|Win32
		{1CD70DE6-7105-4356-B5D6-F79D24DEC446}.Release|Win32.Build.0 = Release|Win32
		{EFCDBF3C-645D-4533-AE62-57796546B25E}.Debug|Win32.ActiveCfg = Debug|Win32
		{EFCDBF3C-645D-4533-AE62-57796546B25E}.Debug|Win32.Build.0 = Debug|Win32
		{EFCDBF3C-645D-4533-AE62-57796546B25E}.Release|Win32.ActiveCfg = Release|Win32
		{EFCDBF3C-645D-4533-AE62-57796546B25E}.Release|Win32.Build.0 = Release|Win32
		{B61D2FDE-0ADF-4403-BCAF-12C331957D2E}.Debug|Win32.ActiveCfg = Debug|Win32
		{B61D2FDE-0ADF-4403-BCAF-12C331957D2E}.Debug|Win32.Build.0 = Debug|Win32
		{B61D2FDE-0ADF-4403-BCAF-12C331957D2E}.Release|Win32.ActiveCfg = Release|Win32
		{B61D2FDE-0ADF-4403-BCAF-12C331957D2E}.Release|Win32.Build.0 = Release|Win32
		{C33A521D-4923-4F25-B423-6E921BB4851D}.Debug|Win32.ActiveCfg = Debug|Win32
		{C33A521D-4923-4F25-B423-6E921BB4851D}.Debug|Win32.Build.0 = Debug|Win32
		{C33A521D-4923-4F25-B423-6E921BB4851D}.Release|Win32.ActiveCfg = Release|Win32
		{C33A521D-4923-4F25-B423-6E921BB4851D}.Release|Win32.Build.0 = Release|Win32
		{12E18618-4347-4996-8B2D-44BA412B8596}.Debug|Win32.ActiveCfg = Debug|Win32
		{12E18618-4347-4996-8B2D-44BA412B8596}.Debug|Win32.Build.0 = Debug|Win32
		{12E18618-4347-4996-8B2D-44BA412B8596}.Release|Win32.ActiveCfg = Release|Win32
		{12E18618-4347-4996-8B2D-44BA412B8596}.Release|Win32.Build.0 = Release|Win32
		{0110C098-1617-4D24-9CF2-BE8265771627}.Debug|Win32.ActiveCfg = Debug|Win32
		{0110C098-1617-4D24-9CF2-BE8265771627}.Debug|Win32.Build.0 = Debug|Win32
		{0110C098-1617-4D24-9CF2-BE8265771627}.Release|Win32.ActiveCfg = Release|Win32
		{0110C098-1617-4D24-9CF2-BE8265771627}.Release|Win32.Build.0 = Release|Win32
		{37C7A15D-1051-4E4F-BC7B-5402462B92FC}.Debug|Win32.ActiveCfg = Debug|Win32
		{37C7A15D-1051-4E4F-BC7B-5402462B92FC}.Debug|Win32.Build.0 = Debug|Win32
		{37C7A15D-1051-4E4F-BC7B-5402462B92FC}.Release|Win32.ActiveCfg = Release|Win32
		{37C7A15D-1051-4E4F-BC7B-5402462B92FC}.Release|Win32.Build.0 = Release|Win32
		{ADA71F18-0214-4B6C-A160-382D01014160}.Debug|Win32.ActiveCfg = Debug|Win32
		{ADA71F18-0214-4B6C-A160-382D01014160}.Debug|Win32.Build.0 = Debug|Win32
		{ADA71F18-0214-4B6C-A160-382D01014160}.Release|Win32.ActiveCfg = Release|Win32
		{ADA71F18-0214-4B6C-A160-382D01014160}.Release|Win32.Build.0 = Release|Win32
		{8DA0ABEF-DFE2-427A-8027-973391D11D09}.Debug|Win32.ActiveCfg = Debug|Win32
		{8DA0ABEF-DFE2-427A-8027-973391D11D09}.Debug|Win32.Build.0 = Debug|Win32
		{8DA0ABEF-DFE2-427A-8027-973391D11D09}.Release|Win32.ActiveCfg = Release|Win32
		{8DA0ABEF-DFE2-427A-8027-973391D11D09}.Release|Win32.Build.0 = Release|Win32
		{9063FFF5-0C7F-4800-95E9-E7A12FA796D7}.Debug|Win32.ActiveCfg = Debug|Win32
		{9063FFF5-0C7F-4800-95E9-E7A12FA796D7}.Debug|Win32.Build.0 = Debug|Win32
		{9063FFF5-0C7F-4800-95E9-E7A12FA796D7}.Release|Win32.ActiveCfg = Release|Win32
		{9063FFF5-0C7F-4800-95E9-E7A12FA796D7}.Release|Win32.Build.0 = Release|Win32
		{0677F97A-14A0-4A6A-A39D-3E968C610BC7}.Debug|Win32.ActiveCfg = Debug|Win32
		{0677F97A-14A0-4A6A-A39D-3E968C610BC7}.Debug|Win32.Build.0 = Debug|Win32
		{0677F97A-14A0-4A6A-A39D-3E968C610BC7}.Release|Win32.ActiveCfg = Release|Win32
		{0677F97A-14A0-4A6A-A39D-3E968C610BC7}.Release|Win32.Build.0 = Release|Win32
		{5AA184D8-8D2E-4EE9-A394-C70CB1FB156D}.Debug|Win32.ActiveCfg = Debug|Win32
		{5AA184D8-8D2E-4EE9-A394-C70CB1FB156D}.Debug|Win32.Build.0 = Debug|Win32
		{5AA184D8-8D2E-4EE9-A394-C70CB1FB156D}.Release|Win32.ActiveCfg = Release|Win32
		{5AA184D8-8D2E-4EE9-A394-C70CB1FB156D}.Release|Win32.Build.0 = Release|Win32
		{BC28D4DE-3520-4A2D-A0C2-9723621D66F0}.Debug|Win32.ActiveCfg = Debug|Win32
		{BC28D4DE-3520-4A2D-A0C2-9723621D66F0}.Debug|Win32.Build.0 = Debug|Win32
		{BC28D4DE-3520-4A2D-A0C2-9723621D66F0}.Release|Win32.ActiveCfg = Release|Win32
		{BC28D4DE-3520-4A2D-A0C2-9723621D66F0}.Release|Win32.Build.0 = Release|Win32
		{1E0EA61F-F791-437E-A1EA-3FF61E7E6466}.Debug|Win32.ActiveCfg = Debug|Win32
		{1E0EA61F-F791-437E-A1EA-3FF61E7E6466}.Debug|Win32.Build.0 = Debug|Win32
		{1E0EA61F-F791-437E-A1EA-3FF61E7E6466}.Release|Win32.ActiveCfg = Release|Win32
		{1E0EA61F-F791-437E-A1EA-3FF61E7E6466}.Release|Win32.Build.0 = Release|Win32
		{FA57DFAA-59AB-4DD0-B045-CFCD1323F533}.Debug|Win32.ActiveCfg = Debug|Win32
		{FA57DFAA-59AB-4DD0-B045-CFCD1323F533}.Debug|Win32.Build.0 = Debug|Win32
		{FA57DFAA-59AB-4DD0-B045-CFCD1323F533}.Release|Win32.ActiveCfg = Release|Win32
		{FA57DFAA-59AB-4DD0-B045-CFCD1323F533}.Release|Win32.Build.0 = Release|Win32
		{AE6DDADB-A500-402A-BAF3-70F9C4B1233D}.Debug|Win32.ActiveCfg = Debug|Win32
		{AE6DDADB-A500-402A-BAF3-70F9C4B1233D}.Debug|Win32.Build.0 = Debug|Win32
		{AE6DDADB-A500-402A-BAF3-70F9C4B1233D}.Release|Win32.ActiveCfg = Release|Win32
		{AE6DDADB-A500-402A-BAF3-70F9C4B1233D}.Release|Win32.Build.0 = Release|Win32
		{35E8E418-B3A8-47F4-983A-9447BF4BA8C1}.Debug|Win32.ActiveCfg = Debug|Win32
		{35E8E418-B3A8-47F4-983A-9447BF4BA8C1}.Debug|Win32.Build.0 = Debug|Win32
		{35E8E418-B3A8-47F4-983A-9447BF4BA8C1}.Release|Win32.ActiveCfg = Release|Win32
		{35E8E418-B3A8-47F4-983A-9447BF4BA8C1}.Release|Win32.Build.0 = Release|Win32
		{1E8F7AB5-0A00-4E9E-90E9-8BAAA7BB2F45}.Debug|Win32.ActiveCfg = Debug|Win32
		{1E8F7AB5-0A00-4E9E-90E9-8BAAA7BB2F45}.Debug|Win32.Build.0 = Debug|Win32
		{1E8F7AB5-0A00-4E9E-90E9-8BAAA7BB2F45}.Release|Win32.ActiveCfg = Release|Win32
		{1E8F7AB5-0A00-4E9E-90E9-8BAAA7BB2F45}.Release|Win32.Build.0 = Release|Win32
		{C5F769A6-5691-4472-90D4-47645F0E7EF0}.Debug|Win32.ActiveCfg = Debug|Win32
		{C5F769A6-5691-4472-90D4-47645F0E7EF0}.Debug|Win32.Build.0 = Debug|Win32
		{C5F769A6-5691-4472-90D4-47645F0E7EF0}.Release|Win32.ActiveCfg = Release|Win32
		{C5F769A6-5691-4472-90D4-47645F0E7EF0}.Release|Win32.Build.0 = Release|Win32
		{3153D3C1-F524-493A-B44A-BD4CF2C840B3}.Debug|Win32.ActiveCfg = Debug|Win32
		{3153D3C1-F524-493A-B44A-BD4CF2C840B3}.Debug|Win32.Build.0 = Debug|Win32
		{3153D3C1-F524-493A-B44A-BD4CF2C840B3}.Release|Win32.ActiveCfg = Release|Win32
		{3153D3C1-F524-493A-B44A-BD4CF2C840B3}.Release|Win32.Build.0 = Release|Win32
		{8A1C6556-5368-4FC1-A4D6-B54E7F28C7DB}.Debug|Win32.ActiveCfg = Debug|Win32
		{8A1C6556-5368-4FC1-A4D6-B54E7F28C7DB}.Debug|Win32.Build.0 = Debug|Win32
		{8A1C6556-5368-4FC1-A4D6-B54E7F28C7DB}.Release|Win32.ActiveCfg = Release|Win32
		{8A1C6556-5368-4FC1-A4D6-B54E7F28C7DB}.Release|Win32.Build.0 = Release|Win32
		{B812F39F-C144-4E0C-816B-CBC0518F8E83}.Debug|Win32.ActiveCfg = Debug|Win32
		{B812F39F-C144-4E0C-816B-CBC0518F8E83}.Debug|Win32.Build.0 = Debug|Win32
		{B812F39F-C144-4E0C-816B-CBC0518F8E83}.Release|Win32.ActiveCfg = Release|Win32
		{B812F39F-C144-4E0C-816B-CBC0518F8E83}.Release|Win32.Build.0 = Release|Win32
		{204D5C26-21E8-4C6E-B5FC-A8197FAAA08E}.Debug|Win32.ActiveCfg = Debug|Win32
		{204D5C26-21E8-4C6E-B5FC-A8197FAAA08E}.Debug|Win32.Build.0 = Debug|Win32
		{204D5C26-21E8-4C6E-B5FC-A8197FAAA08E}.Release|Win32.ActiveCfg = Release|Win32
		{204D5C26-21E8-4C6E-B5FC-A8197FAAA08E}.Release|Win32.Build.0 = Release|Win32
		{ED1BCACF-F01A-4785-AB65-BA73FF6734F1}.Debug|Win32.ActiveCfg = Debug|Win32
		{ED1BCACF-F01A-4785-AB65-BA73FF6734F1}.Debug|Win32.Build.0 = Debug|Win32
		{ED1BCACF-F01A-4785-AB65-BA73FF6734F1}.Release|Win32.ActiveCfg = Release|Win32
		{ED1BCACF-F01A-4785-AB65-BA73FF6734F1}.Release|Win32.Build.0 = Release|Win32
		{7C2B1D9E-CCBB-4D3E-A1A3-403DB73C4145}.Debug|Win32.ActiveCfg = Debug|Win32
		{7C2B1D9E-CCBB-4D3E-A1A3-403DB73C4145}.Debug|Win32.Build.0 = Debug|Win32
		{7C2B1D9E-CCBB-4D3E-A1A3-403DB73C4145}.Release|Win32.ActiveCfg = Release|Win32
		{7C2B1D9E-CCBB-4D3E-A1A3-403DB73C4145}.Release|Win32.Build.0 = Release|Win32
		{15799FB3-A1BD-4B65-8CD4-FAF4DFBDF889}.Debug|Win32.ActiveCfg = Debug|Win32
		{15799FB3-A1BD-4B65-8CD4-FAF4DFBDF889}.Debug|Win32.Build.0 = Debug|Win32
		{15799FB3-A1BD-4B65-8CD4-FAF4DFBDF889}.Release|Win32.ActiveCfg = Release|Win32
		{15799FB3-A1BD-4B65-8CD4-FAF4DFBDF889}.Release|Win32.Build.0 = Release|Win32
		{9AF8F9C4-D049-417A-817A-08017076274C}.Debug|Win32.ActiveCfg = Debug|Win32
		{9AF8F9C4-D049-417A-817A-08017076274C}.Debug|Win32.Build.0 = Debug|Win32
		{9AF8F9C4-D049-417A-817A-08017076274C}.Release|Win32.ActiveCfg = Release|Win32
		{9AF8F9C4-D049-417A-817A-08017076274C}.Release|Win32.Build.0 = Release|Win32
	EndGlobalSection
	GlobalSection(SolutionProperties) = preSolution
		HideSolutionNode = FALSE
	EndGlobalSection
	GlobalSection(NestedProjects) = preSolution
		{924970EA-AB90-40B0-84D7-F48E508D9607} = {B8DEA230-B438-43F7-9554-A9C7DCD5F958}
		{D357200B-1633-4350-AFD2-7E51D7248D49} = {B8DEA230-B438-43F7-9554-A9C7DCD5F958}
		{F637BFE7-BC1B-4DDA-9850-CD3FBEB747D2} = {B8DEA230-B438-43F7-9554-A9C7DCD5F958}
		{6CBAF82D-29DA-4709-9151-3511B596C396} = {DC49954A-DB4B-4C35-A1CE-F0F78753DA46}
		{4866FA75-38E7-4B16-B072-D991831D2BC0} = {DC49954A-DB4B-4C35-A1CE-F0F78753DA46}
		{BEBBC7CA-8964-4C70-AFBA-A8A9F3D64095} = {DC49954A-DB4B-4C35-A1CE-F0F78753DA46}
		{31DFC1BC-999D-474D-9F2F-415231BA2271} = {7F9751B9-F37A-42E1-9633-48A011B114ED}
		{9B56D490-8915-402F-AC6D-96C5111DA67A} = {7F9751B9-F37A-42E1-9633-48A011B114ED}
		{F1B7CC6B-6698-4810-8A73-7CD32C0EE2A0} = {7F9751B9-F37A-42E1-9633-48A011B114ED}
		{B98F5740-E61D-40B9-AE1E-0C150A248937} = {7F9751B9-F37A-42E1-9633-48A011B114ED}
		{9AF8F9C4-D049-417A-817A-08017076274C} = {7F9751B9-F37A-42E1-9633-48A011B114ED}
		{2F182FEC-9149-4670-A7C0-1665830EB6EA} = {156FF2FF-B691-4F8B-9327-10FE0F0C4BED}
		{1CD70DE6-7105-4356-B5D6-F79D24DEC446} = {156FF2FF-B691-4F8B-9327-10FE0F0C4BED}
		{EFCDBF3C-645D-4533-AE62-57796546B25E} = {156FF2FF-B691-4F8B-9327-10FE0F0C4BED}
		{49A7BD43-2C8C-43E9-A9FD-241D549B891D} = {F27FC678-F445-4972-BEEE-7F6303F6B3D4}
		{0922B58A-FA8E-4FAA-BA13-93B7E13E2A4E} = {F27FC678-F445-4972-BEEE-7F6303F6B3D4}
		{6E768DD8-A6BF-4EBE-8EC4-DC9624F1C983} = {F27FC678-F445-4972-BEEE-7F6303F6B3D4}
		{70D9582B-3C1B-44A4-90F1-9CCEA1EDEBA6} = {F27FC678-F445-4972-BEEE-7F6303F6B3D4}
		{C33A521D-4923-4F25-B423-6E921BB4851D} = {49A7BD43-2C8C-43E9-A9FD-241D549B891D}
		{B61D2FDE-0ADF-4403-BCAF-12C331957D2E} = {49A7BD43-2C8C-43E9-A9FD-241D549B891D}
		{12E18618-4347-4996-8B2D-44BA412B8596} = {0922B58A-FA8E-4FAA-BA13-93B7E13E2A4E}
		{37C7A15D-1051-4E4F-BC7B-5402462B92FC} = {6E768DD8-A6BF-4EBE-8EC4-DC9624F1C983}
		{ADA71F18-0214-4B6C-A160-382D01014160} = {6E768DD8-A6BF-4EBE-8EC4-DC9624F1C983}
		{0110C098-1617-4D24-9CF2-BE8265771627} = {6E768DD8-A6BF-4EBE-8EC4-DC9624F1C983}
		{8DA0ABEF-DFE2-427A-8027-973391D11D09} = {70D9582B-3C1B-44A4-90F1-9CCEA1EDEBA6}
		{9063FFF5-0C7F-4800-95E9-E7A12FA796D7} = {70D9582B-3C1B-44A4-90F1-9CCEA1EDEBA6}
		{0677F97A-14A0-4A6A-A39D-3E968C610BC7} = {70D9582B-3C1B-44A4-90F1-9CCEA1EDEBA6}
		{5AA184D8-8D2E-4EE9-A394-C70CB1FB156D} = {70D9582B-3C1B-44A4-90F1-9CCEA1EDEBA6}
		{BC28D4DE-3520-4A2D-A0C2-9723621D66F0} = {70D9582B-3C1B-44A4-90F1-9CCEA1EDEBA6}
		{1E0EA61F-F791-437E-A1EA-3FF61E7E6466} = {70D9582B-3C1B-44A4-90F1-9CCEA1EDEBA6}
		{FA57DFAA-59AB-4DD0-B045-CFCD1323F533} = {70D9582B-3C1B-44A4-90F1-9CCEA1EDEBA6}
		{AE6DDADB-A500-402A-BAF3-70F9C4B1233D} = {70D9582B-3C1B-44A4-90F1-9CCEA1EDEBA6}
		{35E8E418-B3A8-47F4-983A-9447BF4BA8C1} = {70D9582B-3C1B-44A4-90F1-9CCEA1EDEBA6}
		{1E8F7AB5-0A00-4E9E-90E9-8BAAA7BB2F45} = {70D9582B-3C1B-44A4-90F1-9CCEA1EDEBA6}
		{C5F769A6-5691-4472-90D4-47645F0E7EF0} = {70D9582B-3C1B-44A4-90F1-9CCEA1EDEBA6}
		{3153D3C1-F524-493A-B44A-BD4CF2C840B3} = {70D9582B-3C1B-44A4-90F1-9CCEA1EDEBA6}
		{8A1C6556-5368-4FC1-A4D6-B54E7F28C7DB} = {70D9582B-3C1B-44A4-90F1-9CCEA1EDEBA6}
		{B812F39F-C144-4E0C-816B-CBC0518F8E83} = {70D9582B-3C1B-44A4-90F1-9CCEA1EDEBA6}
		{204D5C26-21E8-4C6E-B5FC-A8197FAAA08E} = {70D9582B-3C1B-44A4-90F1-9CCEA1EDEBA6}
		{ED1BCACF-F01A-4785-AB65-BA73FF6734F1} = {70D9582B-3C1B-44A4-90F1-9CCEA1EDEBA6}
		{7C2B1D9E-CCBB-4D3E-A1A3-403DB73C4145} = {70D9582B-3C1B-44A4-90F1-9CCEA1EDEBA6}
		{15799FB3-A1BD-4B65-8CD4-FAF4DFBDF889} = {70D9582B-3C1B-44A4-90F1-9CCEA1EDEBA6}
	EndGlobalSection
EndGlobal
