
Microsoft Visual Studio Solution File, Format Version 9.00
# Visual Studio 2005
Project("{8BC9CEB8-8B4A-11D0-8D11-00A0C91BC942}") = "staff_module", "axis2\staff_module\staff_module.vcproj", "{F637BFE7-BC1B-4DDA-9850-CD3FBEB747D2}"
	ProjectSection(ProjectDependencies) = postProject
		{31DFC1BC-999D-474D-9F2F-415231BA2271} = {31DFC1BC-999D-474D-9F2F-415231BA2271}
		{9B56D490-8915-402F-AC6D-96C5111DA67A} = {9B56D490-8915-402F-AC6D-96C5111DA67A}
		{F1B7CC6B-6698-4810-8A73-7CD32C0EE2A0} = {F1B7CC6B-6698-4810-8A73-7CD32C0EE2A0}
	EndProjectSection
EndProject
Project("{8BC9CEB8-8B4A-11D0-8D11-00A0C91BC942}") = "staff_security_module", "axis2\staff_security_module\staff_axis2_security_module.vcproj", "{924970EA-AB90-40B0-84D7-F48E508D9607}"
	ProjectSection(ProjectDependencies) = postProject
		{F1B7CC6B-6698-4810-8A73-7CD32C0EE2A0} = {F1B7CC6B-6698-4810-8A73-7CD32C0EE2A0}
	EndProjectSection
EndProject
Project("{8BC9CEB8-8B4A-11D0-8D11-00A0C91BC942}") = "staff_service", "axis2\staff_service\staff_axis2_service.vcproj", "{D357200B-1633-4350-AFD2-7E51D7248D49}"
	ProjectSection(ProjectDependencies) = postProject
		{31DFC1BC-999D-474D-9F2F-415231BA2271} = {31DFC1BC-999D-474D-9F2F-415231BA2271}
		{9B56D490-8915-402F-AC6D-96C5111DA67A} = {9B56D490-8915-402F-AC6D-96C5111DA67A}
		{F1B7CC6B-6698-4810-8A73-7CD32C0EE2A0} = {F1B7CC6B-6698-4810-8A73-7CD32C0EE2A0}
	EndProjectSection
EndProject
Project("{8BC9CEB8-8B4A-11D0-8D11-00A0C91BC942}") = "staff.admin.AccountAdmin", "components\admin\AccountAdmin\staff.admin.AccountAdmin_service.vcproj", "{4866FA75-38E7-4B16-B072-D991831D2BC0}"
	ProjectSection(ProjectDependencies) = postProject
		{2F182FEC-9149-4670-A7C0-1665830EB6EA} = {2F182FEC-9149-4670-A7C0-1665830EB6EA}
		{31DFC1BC-999D-474D-9F2F-415231BA2271} = {31DFC1BC-999D-474D-9F2F-415231BA2271}
		{9B56D490-8915-402F-AC6D-96C5111DA67A} = {9B56D490-8915-402F-AC6D-96C5111DA67A}
		{F1B7CC6B-6698-4810-8A73-7CD32C0EE2A0} = {F1B7CC6B-6698-4810-8A73-7CD32C0EE2A0}
	EndProjectSection
EndProject
Project("{8BC9CEB8-8B4A-11D0-8D11-00A0C91BC942}") = "staff.Login", "components\login_component\staff_login_service.vcproj", "{6CBAF82D-29DA-4709-9151-3511B596C396}"
	ProjectSection(ProjectDependencies) = postProject
		{31DFC1BC-999D-474D-9F2F-415231BA2271} = {31DFC1BC-999D-474D-9F2F-415231BA2271}
		{9B56D490-8915-402F-AC6D-96C5111DA67A} = {9B56D490-8915-402F-AC6D-96C5111DA67A}
		{F1B7CC6B-6698-4810-8A73-7CD32C0EE2A0} = {F1B7CC6B-6698-4810-8A73-7CD32C0EE2A0}
	EndProjectSection
EndProject
Project("{8BC9CEB8-8B4A-11D0-8D11-00A0C91BC942}") = "staff_client", "core\client\staff_client.vcproj", "{B98F5740-E61D-40B9-AE1E-0C150A248937}"
	ProjectSection(ProjectDependencies) = postProject
		{31DFC1BC-999D-474D-9F2F-415231BA2271} = {31DFC1BC-999D-474D-9F2F-415231BA2271}
		{9B56D490-8915-402F-AC6D-96C5111DA67A} = {9B56D490-8915-402F-AC6D-96C5111DA67A}
		{F1B7CC6B-6698-4810-8A73-7CD32C0EE2A0} = {F1B7CC6B-6698-4810-8A73-7CD32C0EE2A0}
	EndProjectSection
EndProject
Project("{8BC9CEB8-8B4A-11D0-8D11-00A0C91BC942}") = "staff_common", "core\common\staffcommon.vcproj", "{31DFC1BC-999D-474D-9F2F-415231BA2271}"
	ProjectSection(ProjectDependencies) = postProject
		{F1B7CC6B-6698-4810-8A73-7CD32C0EE2A0} = {F1B7CC6B-6698-4810-8A73-7CD32C0EE2A0}
	EndProjectSection
EndProject
Project("{8BC9CEB8-8B4A-11D0-8D11-00A0C91BC942}") = "staff_component", "core\component\staffcomponent.vcproj", "{9B56D490-8915-402F-AC6D-96C5111DA67A}"
	ProjectSection(ProjectDependencies) = postProject
		{31DFC1BC-999D-474D-9F2F-415231BA2271} = {31DFC1BC-999D-474D-9F2F-415231BA2271}
		{F1B7CC6B-6698-4810-8A73-7CD32C0EE2A0} = {F1B7CC6B-6698-4810-8A73-7CD32C0EE2A0}
	EndProjectSection
EndProject
Project("{8BC9CEB8-8B4A-11D0-8D11-00A0C91BC942}") = "staff_security", "core\security\staff_security.vcproj", "{F1B7CC6B-6698-4810-8A73-7CD32C0EE2A0}"
EndProject
Project("{8BC9CEB8-8B4A-11D0-8D11-00A0C91BC942}") = "staff_service", "core\service\staff_service.vcproj", "{5BFD6093-8005-45C6-BEE5-11767260CBB7}"
	ProjectSection(ProjectDependencies) = postProject
		{31DFC1BC-999D-474D-9F2F-415231BA2271} = {31DFC1BC-999D-474D-9F2F-415231BA2271}
		{F1B7CC6B-6698-4810-8A73-7CD32C0EE2A0} = {F1B7CC6B-6698-4810-8A73-7CD32C0EE2A0}
	EndProjectSection
EndProject
Project("{8BC9CEB8-8B4A-11D0-8D11-00A0C91BC942}") = "staff_codegen", "tools\codegen\staff_codegen.vcproj", "{2F182FEC-9149-4670-A7C0-1665830EB6EA}"
EndProject
Project("{2150E333-8FDC-42A3-9474-1A3956D46DE8}") = "core", "core", "{7F9751B9-F37A-42E1-9633-48A011B114ED}"
EndProject
Project("{2150E333-8FDC-42A3-9474-1A3956D46DE8}") = "components", "components", "{DC49954A-DB4B-4C35-A1CE-F0F78753DA46}"
EndProject
Project("{2150E333-8FDC-42A3-9474-1A3956D46DE8}") = "tools", "tools", "{156FF2FF-B691-4F8B-9327-10FE0F0C4BED}"
EndProject
Project("{2150E333-8FDC-42A3-9474-1A3956D46DE8}") = "axis2", "axis2", "{B8DEA230-B438-43F7-9554-A9C7DCD5F958}"
EndProject
Project("{8BC9CEB8-8B4A-11D0-8D11-00A0C91BC942}") = "staff.admin.ObjectAdmin", "components\admin\ObjectAdmin\staff.admin.ObjectAdmin_service.vcproj", "{BEBBC7CA-8964-4C70-AFBA-A8A9F3D64095}"
	ProjectSection(ProjectDependencies) = postProject
		{F1B7CC6B-6698-4810-8A73-7CD32C0EE2A0} = {F1B7CC6B-6698-4810-8A73-7CD32C0EE2A0}
		{9B56D490-8915-402F-AC6D-96C5111DA67A} = {9B56D490-8915-402F-AC6D-96C5111DA67A}
		{31DFC1BC-999D-474D-9F2F-415231BA2271} = {31DFC1BC-999D-474D-9F2F-415231BA2271}
		{2F182FEC-9149-4670-A7C0-1665830EB6EA} = {2F182FEC-9149-4670-A7C0-1665830EB6EA}
	EndProjectSection
EndProject
Global
	GlobalSection(SolutionConfigurationPlatforms) = preSolution
		Debug|Win32 = Debug|Win32
		Release|Win32 = Release|Win32
	EndGlobalSection
	GlobalSection(ProjectConfigurationPlatforms) = postSolution
		{F637BFE7-BC1B-4DDA-9850-CD3FBEB747D2}.Debug|Win32.ActiveCfg = Debug|Win32
		{F637BFE7-BC1B-4DDA-9850-CD3FBEB747D2}.Debug|Win32.Build.0 = Debug|Win32
		{F637BFE7-BC1B-4DDA-9850-CD3FBEB747D2}.Release|Win32.ActiveCfg = Release|Win32
		{F637BFE7-BC1B-4DDA-9850-CD3FBEB747D2}.Release|Win32.Build.0 = Release|Win32
		{924970EA-AB90-40B0-84D7-F48E508D9607}.Debug|Win32.ActiveCfg = Debug|Win32
		{924970EA-AB90-40B0-84D7-F48E508D9607}.Debug|Win32.Build.0 = Debug|Win32
		{924970EA-AB90-40B0-84D7-F48E508D9607}.Release|Win32.ActiveCfg = Release|Win32
		{924970EA-AB90-40B0-84D7-F48E508D9607}.Release|Win32.Build.0 = Release|Win32
		{D357200B-1633-4350-AFD2-7E51D7248D49}.Debug|Win32.ActiveCfg = Debug|Win32
		{D357200B-1633-4350-AFD2-7E51D7248D49}.Debug|Win32.Build.0 = Debug|Win32
		{D357200B-1633-4350-AFD2-7E51D7248D49}.Release|Win32.ActiveCfg = Release|Win32
		{D357200B-1633-4350-AFD2-7E51D7248D49}.Release|Win32.Build.0 = Release|Win32
		{4866FA75-38E7-4B16-B072-D991831D2BC0}.Debug|Win32.ActiveCfg = Debug|Win32
		{4866FA75-38E7-4B16-B072-D991831D2BC0}.Debug|Win32.Build.0 = Debug|Win32
		{4866FA75-38E7-4B16-B072-D991831D2BC0}.Release|Win32.ActiveCfg = Release|Win32
		{4866FA75-38E7-4B16-B072-D991831D2BC0}.Release|Win32.Build.0 = Release|Win32
		{6CBAF82D-29DA-4709-9151-3511B596C396}.Debug|Win32.ActiveCfg = Debug|Win32
		{6CBAF82D-29DA-4709-9151-3511B596C396}.Debug|Win32.Build.0 = Debug|Win32
		{6CBAF82D-29DA-4709-9151-3511B596C396}.Release|Win32.ActiveCfg = Release|Win32
		{6CBAF82D-29DA-4709-9151-3511B596C396}.Release|Win32.Build.0 = Release|Win32
		{B98F5740-E61D-40B9-AE1E-0C150A248937}.Debug|Win32.ActiveCfg = Debug|Win32
		{B98F5740-E61D-40B9-AE1E-0C150A248937}.Debug|Win32.Build.0 = Debug|Win32
		{B98F5740-E61D-40B9-AE1E-0C150A248937}.Release|Win32.ActiveCfg = Release|Win32
		{B98F5740-E61D-40B9-AE1E-0C150A248937}.Release|Win32.Build.0 = Release|Win32
		{31DFC1BC-999D-474D-9F2F-415231BA2271}.Debug|Win32.ActiveCfg = Debug|Win32
		{31DFC1BC-999D-474D-9F2F-415231BA2271}.Debug|Win32.Build.0 = Debug|Win32
		{31DFC1BC-999D-474D-9F2F-415231BA2271}.Release|Win32.ActiveCfg = Release|Win32
		{31DFC1BC-999D-474D-9F2F-415231BA2271}.Release|Win32.Build.0 = Release|Win32
		{9B56D490-8915-402F-AC6D-96C5111DA67A}.Debug|Win32.ActiveCfg = Debug|Win32
		{9B56D490-8915-402F-AC6D-96C5111DA67A}.Debug|Win32.Build.0 = Debug|Win32
		{9B56D490-8915-402F-AC6D-96C5111DA67A}.Release|Win32.ActiveCfg = Release|Win32
		{9B56D490-8915-402F-AC6D-96C5111DA67A}.Release|Win32.Build.0 = Release|Win32
		{F1B7CC6B-6698-4810-8A73-7CD32C0EE2A0}.Debug|Win32.ActiveCfg = Debug|Win32
		{F1B7CC6B-6698-4810-8A73-7CD32C0EE2A0}.Debug|Win32.Build.0 = Debug|Win32
		{F1B7CC6B-6698-4810-8A73-7CD32C0EE2A0}.Release|Win32.ActiveCfg = Release|Win32
		{F1B7CC6B-6698-4810-8A73-7CD32C0EE2A0}.Release|Win32.Build.0 = Release|Win32
		{5BFD6093-8005-45C6-BEE5-11767260CBB7}.Debug|Win32.ActiveCfg = Debug|Win32
		{5BFD6093-8005-45C6-BEE5-11767260CBB7}.Debug|Win32.Build.0 = Debug|Win32
		{5BFD6093-8005-45C6-BEE5-11767260CBB7}.Release|Win32.ActiveCfg = Release|Win32
		{5BFD6093-8005-45C6-BEE5-11767260CBB7}.Release|Win32.Build.0 = Release|Win32
		{2F182FEC-9149-4670-A7C0-1665830EB6EA}.Debug|Win32.ActiveCfg = Debug|Win32
		{2F182FEC-9149-4670-A7C0-1665830EB6EA}.Debug|Win32.Build.0 = Debug|Win32
		{2F182FEC-9149-4670-A7C0-1665830EB6EA}.Release|Win32.ActiveCfg = Release|Win32
		{2F182FEC-9149-4670-A7C0-1665830EB6EA}.Release|Win32.Build.0 = Release|Win32
		{BEBBC7CA-8964-4C70-AFBA-A8A9F3D64095}.Debug|Win32.ActiveCfg = Debug|Win32
		{BEBBC7CA-8964-4C70-AFBA-A8A9F3D64095}.Debug|Win32.Build.0 = Debug|Win32
		{BEBBC7CA-8964-4C70-AFBA-A8A9F3D64095}.Release|Win32.ActiveCfg = Release|Win32
		{BEBBC7CA-8964-4C70-AFBA-A8A9F3D64095}.Release|Win32.Build.0 = Release|Win32
	EndGlobalSection
	GlobalSection(SolutionProperties) = preSolution
		HideSolutionNode = FALSE
	EndGlobalSection
	GlobalSection(NestedProjects) = preSolution
		{924970EA-AB90-40B0-84D7-F48E508D9607} = {B8DEA230-B438-43F7-9554-A9C7DCD5F958}
		{D357200B-1633-4350-AFD2-7E51D7248D49} = {B8DEA230-B438-43F7-9554-A9C7DCD5F958}
		{F637BFE7-BC1B-4DDA-9850-CD3FBEB747D2} = {B8DEA230-B438-43F7-9554-A9C7DCD5F958}
		{6CBAF82D-29DA-4709-9151-3511B596C396} = {DC49954A-DB4B-4C35-A1CE-F0F78753DA46}
		{4866FA75-38E7-4B16-B072-D991831D2BC0} = {DC49954A-DB4B-4C35-A1CE-F0F78753DA46}
		{BEBBC7CA-8964-4C70-AFBA-A8A9F3D64095} = {DC49954A-DB4B-4C35-A1CE-F0F78753DA46}
		{31DFC1BC-999D-474D-9F2F-415231BA2271} = {7F9751B9-F37A-42E1-9633-48A011B114ED}
		{9B56D490-8915-402F-AC6D-96C5111DA67A} = {7F9751B9-F37A-42E1-9633-48A011B114ED}
		{F1B7CC6B-6698-4810-8A73-7CD32C0EE2A0} = {7F9751B9-F37A-42E1-9633-48A011B114ED}
		{5BFD6093-8005-45C6-BEE5-11767260CBB7} = {7F9751B9-F37A-42E1-9633-48A011B114ED}
		{B98F5740-E61D-40B9-AE1E-0C150A248937} = {7F9751B9-F37A-42E1-9633-48A011B114ED}
		{2F182FEC-9149-4670-A7C0-1665830EB6EA} = {156FF2FF-B691-4F8B-9327-10FE0F0C4BED}
	EndGlobalSection
EndGlobal
