
Microsoft Visual Studio Solution File, Format Version 9.00
# Visual Studio 2005
Project("{2150E333-8FDC-42A3-9474-1A3956D46DE8}") = "samples", "samples", "{F27FC678-F445-4972-BEEE-7F6303F6B3D4}"
EndProject
Project("{8BC9CEB8-8B4A-11D0-8D11-00A0C91BC942}") = "calc_client", "calc\client\calc_client.vcproj", "{B61D2FDE-0ADF-4403-BCAF-12C331957D2E}"
EndProject
Project("{8BC9CEB8-8B4A-11D0-8D11-00A0C91BC942}") = "samples.calc.CalcService", "calc\component\calc_component.vcproj", "{C33A521D-4923-4F25-B423-6E921BB4851D}"
EndProject
Project("{8BC9CEB8-8B4A-11D0-8D11-00A0C91BC942}") = "login_client", "login\client\staff_test_login.vcproj", "{12E18618-4347-4996-8B2D-44BA412B8596}"
EndProject
Project("{8BC9CEB8-8B4A-11D0-8D11-00A0C91BC942}") = "samples.rest.Customers", "rest\component\rest_component.vcproj", "{0110C098-1617-4D24-9CF2-BE8265771627}"
EndProject
Project("{8BC9CEB8-8B4A-11D0-8D11-00A0C91BC942}") = "sharedtypes_client", "sharedtypes\client\sharedtypes_client.vcproj", "{37C7A15D-1051-4E4F-BC7B-5402462B92FC}"
EndProject
Project("{8BC9CEB8-8B4A-11D0-8D11-00A0C91BC942}") = "samples.sharedtypes.Ticket", "sharedtypes\component\sharedtypes_component.vcproj", "{ADA71F18-0214-4B6C-A160-382D01014160}"
EndProject
Project("{2150E333-8FDC-42A3-9474-1A3956D46DE8}") = "calc", "calc", "{49A7BD43-2C8C-43E9-A9FD-241D549B891D}"
EndProject
Project("{2150E333-8FDC-42A3-9474-1A3956D46DE8}") = "login", "login", "{0922B58A-FA8E-4FAA-BA13-93B7E13E2A4E}"
EndProject
Project("{2150E333-8FDC-42A3-9474-1A3956D46DE8}") = "sharedtypes", "sharedtypes", "{6E768DD8-A6BF-4EBE-8EC4-DC9624F1C983}"
EndProject
Project("{2150E333-8FDC-42A3-9474-1A3956D46DE8}") = "echo", "echo", "{70D9582B-3C1B-44A4-90F1-9CCEA1EDEBA6}"
EndProject
Project("{8BC9CEB8-8B4A-11D0-8D11-00A0C91BC942}") = "echo_client_blocking", "echo\client_blocking\echo_client_blocking.vcproj", "{8DA0ABEF-DFE2-427A-8027-973391D11D09}"
EndProject
Project("{8BC9CEB8-8B4A-11D0-8D11-00A0C91BC942}") = "echo_client_non_blocking", "echo\client_non_blocking\echo_client_non_blocking.vcproj", "{9063FFF5-0C7F-4800-95E9-E7A12FA796D7}"
EndProject
Project("{8BC9CEB8-8B4A-11D0-8D11-00A0C91BC942}") = "echo_client_blocking_addr", "echo\client_blocking_addr\echo_client_blocking_addr.vcproj", "{0677F97A-14A0-4A6A-A39D-3E968C610BC7}"
EndProject
Project("{8BC9CEB8-8B4A-11D0-8D11-00A0C91BC942}") = "echo_client_blocking_dual", "echo\client_blocking_dual\echo_client_blocking_dual.vcproj", "{5AA184D8-8D2E-4EE9-A394-C70CB1FB156D}"
EndProject
Project("{8BC9CEB8-8B4A-11D0-8D11-00A0C91BC942}") = "echo_client_blocking_non_blocking", "echo\client_blocking_non_blocking\echo_client_blocking_non_blocking.vcproj", "{BC28D4DE-3520-4A2D-A0C2-9723621D66F0}"
EndProject
Project("{8BC9CEB8-8B4A-11D0-8D11-00A0C91BC942}") = "echo_client_blocking_soap11", "echo\client_blocking_soap11\echo_client_blocking_soap11.vcproj", "{1E0EA61F-F791-437E-A1EA-3FF61E7E6466}"
EndProject
Project("{8BC9CEB8-8B4A-11D0-8D11-00A0C91BC942}") = "echo_client_non_blocking_dual", "echo\client_non_blocking_dual\echo_client_non_blocking_dual.vcproj", "{FA57DFAA-59AB-4DD0-B045-CFCD1323F533}"
EndProject
Project("{8BC9CEB8-8B4A-11D0-8D11-00A0C91BC942}") = "echo_client_rest", "echo\client_rest\echo_client_rest.vcproj", "{AE6DDADB-A500-402A-BAF3-70F9C4B1233D}"
EndProject
Project("{8BC9CEB8-8B4A-11D0-8D11-00A0C91BC942}") = "echo_client_rest_static", "echo\client_rest_static\echo_client_rest_static.vcproj", "{35E8E418-B3A8-47F4-983A-9447BF4BA8C1}"
EndProject
Project("{8BC9CEB8-8B4A-11D0-8D11-00A0C91BC942}") = "echo_custom_client_blocking", "echo\custom_client_blocking\echo_custom_client_blocking.vcproj", "{1E8F7AB5-0A00-4E9E-90E9-8BAAA7BB2F45}"
EndProject
Project("{8BC9CEB8-8B4A-11D0-8D11-00A0C91BC942}") = "echo_custom_client_blocking_addr", "echo\custom_client_blocking_addr\echo_custom_client_blocking_addr.vcproj", "{C5F769A6-5691-4472-90D4-47645F0E7EF0}"
EndProject
Project("{8BC9CEB8-8B4A-11D0-8D11-00A0C91BC942}") = "echo_custom_client_blocking_soap11", "echo\custom_client_blocking_soap11\echo_custom_client_blocking_soap11.vcproj", "{3153D3C1-F524-493A-B44A-BD4CF2C840B3}"
EndProject
Project("{8BC9CEB8-8B4A-11D0-8D11-00A0C91BC942}") = "echo_custom_client_non_blocking", "echo\custom_client_non_blocking\echo_custom_client_non_blocking.vcproj", "{8A1C6556-5368-4FC1-A4D6-B54E7F28C7DB}"
EndProject
Project("{8BC9CEB8-8B4A-11D0-8D11-00A0C91BC942}") = "echo_custom_client_non_blocking_dual", "echo\custom_client_non_blocking_dual\echo_custom_client_non_blocking_dual.vcproj", "{B812F39F-C144-4E0C-816B-CBC0518F8E83}"
EndProject
Project("{8BC9CEB8-8B4A-11D0-8D11-00A0C91BC942}") = "echo_custom_client_rest", "echo\custom_client_rest\echo_custom_client_rest.vcproj", "{204D5C26-21E8-4C6E-B5FC-A8197FAAA08E}"
EndProject
Project("{8BC9CEB8-8B4A-11D0-8D11-00A0C91BC942}") = "echo_custom_client_blocking_dual", "echo\custom_client_blocking_dual\echo_custom_client_blocking_dual.vcproj", "{ED1BCACF-F01A-4785-AB65-BA73FF6734F1}"
EndProject
Project("{8BC9CEB8-8B4A-11D0-8D11-00A0C91BC942}") = "echo_client_blocking_auth", "echo\client_blocking_auth\echo_client_blocking_auth.vcproj", "{7C2B1D9E-CCBB-4D3E-A1A3-403DB73C4145}"
EndProject
Project("{8BC9CEB8-8B4A-11D0-8D11-00A0C91BC942}") = "echo_custom_client_blocking_auth", "echo\custom_client_blocking_auth\echo_custom_client_blocking_auth.vcproj", "{15799FB3-A1BD-4B65-8CD4-FAF4DFBDF889}"
EndProject
Project("{2150E333-8FDC-42A3-9474-1A3956D46DE8}") = "binarydata", "binarydata", "{07D8D1D0-ABAA-417A-AFBF-7AB0C8B43263}"
EndProject
Project("{8BC9CEB8-8B4A-11D0-8D11-00A0C91BC942}") = "samples.binarydata", "binarydata\component\binarydata_component.vcproj", "{5A635794-C345-4736-82EC-734AAB4D74D5}"
EndProject
Project("{8BC9CEB8-8B4A-11D0-8D11-00A0C91BC942}") = "binarydata_client", "binarydata\client\binarydata_client.vcproj", "{76766B1D-38CA-45A6-B92E-3A5ADFF3B14B}"
EndProject
Project("{2150E333-8FDC-42A3-9474-1A3956D46DE8}") = "loadorder", "loadorder", "{5927433E-C523-4DA8-AB6B-76FFD00A14A1}"
EndProject
Project("{8BC9CEB8-8B4A-11D0-8D11-00A0C91BC942}") = "samples.loadorder", "loadorder\component\loadorder_component.vcproj", "{8B5BFA91-B2AB-4A1C-879B-4502DB9EC718}"
EndProject
Project("{2150E333-8FDC-42A3-9474-1A3956D46DE8}") = "rest", "rest", "{0E44789B-AA97-4DD0-9A6B-E901791E8685}"
EndProject
Global
	GlobalSection(SolutionConfigurationPlatforms) = preSolution
		Debug|Win32 = Debug|Win32
		Debug|x64 = Debug|x64
		Release|Win32 = Release|Win32
		Release|x64 = Release|x64
	EndGlobalSection
	GlobalSection(ProjectConfigurationPlatforms) = postSolution
		{B61D2FDE-0ADF-4403-BCAF-12C331957D2E}.Debug|Win32.ActiveCfg = Debug|Win32
		{B61D2FDE-0ADF-4403-BCAF-12C331957D2E}.Debug|Win32.Build.0 = Debug|Win32
		{B61D2FDE-0ADF-4403-BCAF-12C331957D2E}.Debug|x64.ActiveCfg = Debug|x64
		{B61D2FDE-0ADF-4403-BCAF-12C331957D2E}.Debug|x64.Build.0 = Debug|x64
		{B61D2FDE-0ADF-4403-BCAF-12C331957D2E}.Release|Win32.ActiveCfg = Release|Win32
		{B61D2FDE-0ADF-4403-BCAF-12C331957D2E}.Release|Win32.Build.0 = Release|Win32
		{B61D2FDE-0ADF-4403-BCAF-12C331957D2E}.Release|x64.ActiveCfg = Release|x64
		{B61D2FDE-0ADF-4403-BCAF-12C331957D2E}.Release|x64.Build.0 = Release|x64
		{C33A521D-4923-4F25-B423-6E921BB4851D}.Debug|Win32.ActiveCfg = Debug|Win32
		{C33A521D-4923-4F25-B423-6E921BB4851D}.Debug|Win32.Build.0 = Debug|Win32
		{C33A521D-4923-4F25-B423-6E921BB4851D}.Debug|x64.ActiveCfg = Debug|x64
		{C33A521D-4923-4F25-B423-6E921BB4851D}.Debug|x64.Build.0 = Debug|x64
		{C33A521D-4923-4F25-B423-6E921BB4851D}.Release|Win32.ActiveCfg = Release|Win32
		{C33A521D-4923-4F25-B423-6E921BB4851D}.Release|Win32.Build.0 = Release|Win32
		{C33A521D-4923-4F25-B423-6E921BB4851D}.Release|x64.ActiveCfg = Release|x64
		{C33A521D-4923-4F25-B423-6E921BB4851D}.Release|x64.Build.0 = Release|x64
		{12E18618-4347-4996-8B2D-44BA412B8596}.Debug|Win32.ActiveCfg = Debug|Win32
		{12E18618-4347-4996-8B2D-44BA412B8596}.Debug|Win32.Build.0 = Debug|Win32
		{12E18618-4347-4996-8B2D-44BA412B8596}.Debug|x64.ActiveCfg = Debug|x64
		{12E18618-4347-4996-8B2D-44BA412B8596}.Debug|x64.Build.0 = Debug|x64
		{12E18618-4347-4996-8B2D-44BA412B8596}.Release|Win32.ActiveCfg = Release|Win32
		{12E18618-4347-4996-8B2D-44BA412B8596}.Release|Win32.Build.0 = Release|Win32
		{12E18618-4347-4996-8B2D-44BA412B8596}.Release|x64.ActiveCfg = Release|x64
		{12E18618-4347-4996-8B2D-44BA412B8596}.Release|x64.Build.0 = Release|x64
		{0110C098-1617-4D24-9CF2-BE8265771627}.Debug|Win32.ActiveCfg = Debug|Win32
		{0110C098-1617-4D24-9CF2-BE8265771627}.Debug|Win32.Build.0 = Debug|Win32
		{0110C098-1617-4D24-9CF2-BE8265771627}.Debug|x64.ActiveCfg = Debug|x64
		{0110C098-1617-4D24-9CF2-BE8265771627}.Debug|x64.Build.0 = Debug|x64
		{0110C098-1617-4D24-9CF2-BE8265771627}.Release|Win32.ActiveCfg = Release|Win32
		{0110C098-1617-4D24-9CF2-BE8265771627}.Release|Win32.Build.0 = Release|Win32
		{0110C098-1617-4D24-9CF2-BE8265771627}.Release|x64.ActiveCfg = Release|x64
		{0110C098-1617-4D24-9CF2-BE8265771627}.Release|x64.Build.0 = Release|x64
		{37C7A15D-1051-4E4F-BC7B-5402462B92FC}.Debug|Win32.ActiveCfg = Debug|Win32
		{37C7A15D-1051-4E4F-BC7B-5402462B92FC}.Debug|Win32.Build.0 = Debug|Win32
		{37C7A15D-1051-4E4F-BC7B-5402462B92FC}.Debug|x64.ActiveCfg = Debug|x64
		{37C7A15D-1051-4E4F-BC7B-5402462B92FC}.Debug|x64.Build.0 = Debug|x64
		{37C7A15D-1051-4E4F-BC7B-5402462B92FC}.Release|Win32.ActiveCfg = Release|Win32
		{37C7A15D-1051-4E4F-BC7B-5402462B92FC}.Release|Win32.Build.0 = Release|Win32
		{37C7A15D-1051-4E4F-BC7B-5402462B92FC}.Release|x64.ActiveCfg = Release|x64
		{37C7A15D-1051-4E4F-BC7B-5402462B92FC}.Release|x64.Build.0 = Release|x64
		{ADA71F18-0214-4B6C-A160-382D01014160}.Debug|Win32.ActiveCfg = Debug|Win32
		{ADA71F18-0214-4B6C-A160-382D01014160}.Debug|Win32.Build.0 = Debug|Win32
		{ADA71F18-0214-4B6C-A160-382D01014160}.Debug|x64.ActiveCfg = Debug|x64
		{ADA71F18-0214-4B6C-A160-382D01014160}.Debug|x64.Build.0 = Debug|x64
		{ADA71F18-0214-4B6C-A160-382D01014160}.Release|Win32.ActiveCfg = Release|Win32
		{ADA71F18-0214-4B6C-A160-382D01014160}.Release|Win32.Build.0 = Release|Win32
		{ADA71F18-0214-4B6C-A160-382D01014160}.Release|x64.ActiveCfg = Release|x64
		{ADA71F18-0214-4B6C-A160-382D01014160}.Release|x64.Build.0 = Release|x64
		{8DA0ABEF-DFE2-427A-8027-973391D11D09}.Debug|Win32.ActiveCfg = Debug|Win32
		{8DA0ABEF-DFE2-427A-8027-973391D11D09}.Debug|Win32.Build.0 = Debug|Win32
		{8DA0ABEF-DFE2-427A-8027-973391D11D09}.Debug|x64.ActiveCfg = Debug|x64
		{8DA0ABEF-DFE2-427A-8027-973391D11D09}.Debug|x64.Build.0 = Debug|x64
		{8DA0ABEF-DFE2-427A-8027-973391D11D09}.Release|Win32.ActiveCfg = Release|Win32
		{8DA0ABEF-DFE2-427A-8027-973391D11D09}.Release|Win32.Build.0 = Release|Win32
		{8DA0ABEF-DFE2-427A-8027-973391D11D09}.Release|x64.ActiveCfg = Release|x64
		{8DA0ABEF-DFE2-427A-8027-973391D11D09}.Release|x64.Build.0 = Release|x64
		{9063FFF5-0C7F-4800-95E9-E7A12FA796D7}.Debug|Win32.ActiveCfg = Debug|Win32
		{9063FFF5-0C7F-4800-95E9-E7A12FA796D7}.Debug|Win32.Build.0 = Debug|Win32
		{9063FFF5-0C7F-4800-95E9-E7A12FA796D7}.Debug|x64.ActiveCfg = Debug|x64
		{9063FFF5-0C7F-4800-95E9-E7A12FA796D7}.Debug|x64.Build.0 = Debug|x64
		{9063FFF5-0C7F-4800-95E9-E7A12FA796D7}.Release|Win32.ActiveCfg = Release|Win32
		{9063FFF5-0C7F-4800-95E9-E7A12FA796D7}.Release|Win32.Build.0 = Release|Win32
		{9063FFF5-0C7F-4800-95E9-E7A12FA796D7}.Release|x64.ActiveCfg = Release|x64
		{9063FFF5-0C7F-4800-95E9-E7A12FA796D7}.Release|x64.Build.0 = Release|x64
		{0677F97A-14A0-4A6A-A39D-3E968C610BC7}.Debug|Win32.ActiveCfg = Debug|Win32
		{0677F97A-14A0-4A6A-A39D-3E968C610BC7}.Debug|Win32.Build.0 = Debug|Win32
		{0677F97A-14A0-4A6A-A39D-3E968C610BC7}.Debug|x64.ActiveCfg = Debug|x64
		{0677F97A-14A0-4A6A-A39D-3E968C610BC7}.Debug|x64.Build.0 = Debug|x64
		{0677F97A-14A0-4A6A-A39D-3E968C610BC7}.Release|Win32.ActiveCfg = Release|Win32
		{0677F97A-14A0-4A6A-A39D-3E968C610BC7}.Release|Win32.Build.0 = Release|Win32
		{0677F97A-14A0-4A6A-A39D-3E968C610BC7}.Release|x64.ActiveCfg = Release|x64
		{0677F97A-14A0-4A6A-A39D-3E968C610BC7}.Release|x64.Build.0 = Release|x64
		{5AA184D8-8D2E-4EE9-A394-C70CB1FB156D}.Debug|Win32.ActiveCfg = Debug|Win32
		{5AA184D8-8D2E-4EE9-A394-C70CB1FB156D}.Debug|Win32.Build.0 = Debug|Win32
		{5AA184D8-8D2E-4EE9-A394-C70CB1FB156D}.Debug|x64.ActiveCfg = Debug|x64
		{5AA184D8-8D2E-4EE9-A394-C70CB1FB156D}.Debug|x64.Build.0 = Debug|x64
		{5AA184D8-8D2E-4EE9-A394-C70CB1FB156D}.Release|Win32.ActiveCfg = Release|Win32
		{5AA184D8-8D2E-4EE9-A394-C70CB1FB156D}.Release|Win32.Build.0 = Release|Win32
		{5AA184D8-8D2E-4EE9-A394-C70CB1FB156D}.Release|x64.ActiveCfg = Release|x64
		{5AA184D8-8D2E-4EE9-A394-C70CB1FB156D}.Release|x64.Build.0 = Release|x64
		{BC28D4DE-3520-4A2D-A0C2-9723621D66F0}.Debug|Win32.ActiveCfg = Debug|Win32
		{BC28D4DE-3520-4A2D-A0C2-9723621D66F0}.Debug|Win32.Build.0 = Debug|Win32
		{BC28D4DE-3520-4A2D-A0C2-9723621D66F0}.Debug|x64.ActiveCfg = Debug|x64
		{BC28D4DE-3520-4A2D-A0C2-9723621D66F0}.Debug|x64.Build.0 = Debug|x64
		{BC28D4DE-3520-4A2D-A0C2-9723621D66F0}.Release|Win32.ActiveCfg = Release|Win32
		{BC28D4DE-3520-4A2D-A0C2-9723621D66F0}.Release|Win32.Build.0 = Release|Win32
		{BC28D4DE-3520-4A2D-A0C2-9723621D66F0}.Release|x64.ActiveCfg = Release|x64
		{BC28D4DE-3520-4A2D-A0C2-9723621D66F0}.Release|x64.Build.0 = Release|x64
		{1E0EA61F-F791-437E-A1EA-3FF61E7E6466}.Debug|Win32.ActiveCfg = Debug|Win32
		{1E0EA61F-F791-437E-A1EA-3FF61E7E6466}.Debug|Win32.Build.0 = Debug|Win32
		{1E0EA61F-F791-437E-A1EA-3FF61E7E6466}.Debug|x64.ActiveCfg = Debug|x64
		{1E0EA61F-F791-437E-A1EA-3FF61E7E6466}.Debug|x64.Build.0 = Debug|x64
		{1E0EA61F-F791-437E-A1EA-3FF61E7E6466}.Release|Win32.ActiveCfg = Release|Win32
		{1E0EA61F-F791-437E-A1EA-3FF61E7E6466}.Release|Win32.Build.0 = Release|Win32
		{1E0EA61F-F791-437E-A1EA-3FF61E7E6466}.Release|x64.ActiveCfg = Release|x64
		{1E0EA61F-F791-437E-A1EA-3FF61E7E6466}.Release|x64.Build.0 = Release|x64
		{FA57DFAA-59AB-4DD0-B045-CFCD1323F533}.Debug|Win32.ActiveCfg = Debug|Win32
		{FA57DFAA-59AB-4DD0-B045-CFCD1323F533}.Debug|Win32.Build.0 = Debug|Win32
		{FA57DFAA-59AB-4DD0-B045-CFCD1323F533}.Debug|x64.ActiveCfg = Debug|x64
		{FA57DFAA-59AB-4DD0-B045-CFCD1323F533}.Debug|x64.Build.0 = Debug|x64
		{FA57DFAA-59AB-4DD0-B045-CFCD1323F533}.Release|Win32.ActiveCfg = Release|Win32
		{FA57DFAA-59AB-4DD0-B045-CFCD1323F533}.Release|Win32.Build.0 = Release|Win32
		{FA57DFAA-59AB-4DD0-B045-CFCD1323F533}.Release|x64.ActiveCfg = Release|x64
		{FA57DFAA-59AB-4DD0-B045-CFCD1323F533}.Release|x64.Build.0 = Release|x64
		{AE6DDADB-A500-402A-BAF3-70F9C4B1233D}.Debug|Win32.ActiveCfg = Debug|Win32
		{AE6DDADB-A500-402A-BAF3-70F9C4B1233D}.Debug|Win32.Build.0 = Debug|Win32
		{AE6DDADB-A500-402A-BAF3-70F9C4B1233D}.Debug|x64.ActiveCfg = Debug|x64
		{AE6DDADB-A500-402A-BAF3-70F9C4B1233D}.Debug|x64.Build.0 = Debug|x64
		{AE6DDADB-A500-402A-BAF3-70F9C4B1233D}.Release|Win32.ActiveCfg = Release|Win32
		{AE6DDADB-A500-402A-BAF3-70F9C4B1233D}.Release|Win32.Build.0 = Release|Win32
		{AE6DDADB-A500-402A-BAF3-70F9C4B1233D}.Release|x64.ActiveCfg = Release|x64
		{AE6DDADB-A500-402A-BAF3-70F9C4B1233D}.Release|x64.Build.0 = Release|x64
		{35E8E418-B3A8-47F4-983A-9447BF4BA8C1}.Debug|Win32.ActiveCfg = Debug|Win32
		{35E8E418-B3A8-47F4-983A-9447BF4BA8C1}.Debug|Win32.Build.0 = Debug|Win32
		{35E8E418-B3A8-47F4-983A-9447BF4BA8C1}.Debug|x64.ActiveCfg = Debug|x64
		{35E8E418-B3A8-47F4-983A-9447BF4BA8C1}.Debug|x64.Build.0 = Debug|x64
		{35E8E418-B3A8-47F4-983A-9447BF4BA8C1}.Release|Win32.ActiveCfg = Release|Win32
		{35E8E418-B3A8-47F4-983A-9447BF4BA8C1}.Release|Win32.Build.0 = Release|Win32
		{35E8E418-B3A8-47F4-983A-9447BF4BA8C1}.Release|x64.ActiveCfg = Release|x64
		{35E8E418-B3A8-47F4-983A-9447BF4BA8C1}.Release|x64.Build.0 = Release|x64
		{1E8F7AB5-0A00-4E9E-90E9-8BAAA7BB2F45}.Debug|Win32.ActiveCfg = Debug|Win32
		{1E8F7AB5-0A00-4E9E-90E9-8BAAA7BB2F45}.Debug|Win32.Build.0 = Debug|Win32
		{1E8F7AB5-0A00-4E9E-90E9-8BAAA7BB2F45}.Debug|x64.ActiveCfg = Debug|x64
		{1E8F7AB5-0A00-4E9E-90E9-8BAAA7BB2F45}.Debug|x64.Build.0 = Debug|x64
		{1E8F7AB5-0A00-4E9E-90E9-8BAAA7BB2F45}.Release|Win32.ActiveCfg = Release|Win32
		{1E8F7AB5-0A00-4E9E-90E9-8BAAA7BB2F45}.Release|Win32.Build.0 = Release|Win32
		{1E8F7AB5-0A00-4E9E-90E9-8BAAA7BB2F45}.Release|x64.ActiveCfg = Release|x64
		{1E8F7AB5-0A00-4E9E-90E9-8BAAA7BB2F45}.Release|x64.Build.0 = Release|x64
		{C5F769A6-5691-4472-90D4-47645F0E7EF0}.Debug|Win32.ActiveCfg = Debug|Win32
		{C5F769A6-5691-4472-90D4-47645F0E7EF0}.Debug|Win32.Build.0 = Debug|Win32
		{C5F769A6-5691-4472-90D4-47645F0E7EF0}.Debug|x64.ActiveCfg = Debug|x64
		{C5F769A6-5691-4472-90D4-47645F0E7EF0}.Debug|x64.Build.0 = Debug|x64
		{C5F769A6-5691-4472-90D4-47645F0E7EF0}.Release|Win32.ActiveCfg = Release|Win32
		{C5F769A6-5691-4472-90D4-47645F0E7EF0}.Release|Win32.Build.0 = Release|Win32
		{C5F769A6-5691-4472-90D4-47645F0E7EF0}.Release|x64.ActiveCfg = Release|x64
		{C5F769A6-5691-4472-90D4-47645F0E7EF0}.Release|x64.Build.0 = Release|x64
		{3153D3C1-F524-493A-B44A-BD4CF2C840B3}.Debug|Win32.ActiveCfg = Debug|Win32
		{3153D3C1-F524-493A-B44A-BD4CF2C840B3}.Debug|Win32.Build.0 = Debug|Win32
		{3153D3C1-F524-493A-B44A-BD4CF2C840B3}.Debug|x64.ActiveCfg = Debug|x64
		{3153D3C1-F524-493A-B44A-BD4CF2C840B3}.Debug|x64.Build.0 = Debug|x64
		{3153D3C1-F524-493A-B44A-BD4CF2C840B3}.Release|Win32.ActiveCfg = Release|Win32
		{3153D3C1-F524-493A-B44A-BD4CF2C840B3}.Release|Win32.Build.0 = Release|Win32
		{3153D3C1-F524-493A-B44A-BD4CF2C840B3}.Release|x64.ActiveCfg = Release|x64
		{3153D3C1-F524-493A-B44A-BD4CF2C840B3}.Release|x64.Build.0 = Release|x64
		{8A1C6556-5368-4FC1-A4D6-B54E7F28C7DB}.Debug|Win32.ActiveCfg = Debug|Win32
		{8A1C6556-5368-4FC1-A4D6-B54E7F28C7DB}.Debug|Win32.Build.0 = Debug|Win32
		{8A1C6556-5368-4FC1-A4D6-B54E7F28C7DB}.Debug|x64.ActiveCfg = Debug|x64
		{8A1C6556-5368-4FC1-A4D6-B54E7F28C7DB}.Debug|x64.Build.0 = Debug|x64
		{8A1C6556-5368-4FC1-A4D6-B54E7F28C7DB}.Release|Win32.ActiveCfg = Release|Win32
		{8A1C6556-5368-4FC1-A4D6-B54E7F28C7DB}.Release|Win32.Build.0 = Release|Win32
		{8A1C6556-5368-4FC1-A4D6-B54E7F28C7DB}.Release|x64.ActiveCfg = Release|x64
		{8A1C6556-5368-4FC1-A4D6-B54E7F28C7DB}.Release|x64.Build.0 = Release|x64
		{B812F39F-C144-4E0C-816B-CBC0518F8E83}.Debug|Win32.ActiveCfg = Debug|Win32
		{B812F39F-C144-4E0C-816B-CBC0518F8E83}.Debug|Win32.Build.0 = Debug|Win32
		{B812F39F-C144-4E0C-816B-CBC0518F8E83}.Debug|x64.ActiveCfg = Debug|x64
		{B812F39F-C144-4E0C-816B-CBC0518F8E83}.Debug|x64.Build.0 = Debug|x64
		{B812F39F-C144-4E0C-816B-CBC0518F8E83}.Release|Win32.ActiveCfg = Release|Win32
		{B812F39F-C144-4E0C-816B-CBC0518F8E83}.Release|Win32.Build.0 = Release|Win32
		{B812F39F-C144-4E0C-816B-CBC0518F8E83}.Release|x64.ActiveCfg = Release|x64
		{B812F39F-C144-4E0C-816B-CBC0518F8E83}.Release|x64.Build.0 = Release|x64
		{204D5C26-21E8-4C6E-B5FC-A8197FAAA08E}.Debug|Win32.ActiveCfg = Debug|Win32
		{204D5C26-21E8-4C6E-B5FC-A8197FAAA08E}.Debug|Win32.Build.0 = Debug|Win32
		{204D5C26-21E8-4C6E-B5FC-A8197FAAA08E}.Debug|x64.ActiveCfg = Debug|x64
		{204D5C26-21E8-4C6E-B5FC-A8197FAAA08E}.Debug|x64.Build.0 = Debug|x64
		{204D5C26-21E8-4C6E-B5FC-A8197FAAA08E}.Release|Win32.ActiveCfg = Release|Win32
		{204D5C26-21E8-4C6E-B5FC-A8197FAAA08E}.Release|Win32.Build.0 = Release|Win32
		{204D5C26-21E8-4C6E-B5FC-A8197FAAA08E}.Release|x64.ActiveCfg = Release|x64
		{204D5C26-21E8-4C6E-B5FC-A8197FAAA08E}.Release|x64.Build.0 = Release|x64
		{ED1BCACF-F01A-4785-AB65-BA73FF6734F1}.Debug|Win32.ActiveCfg = Debug|Win32
		{ED1BCACF-F01A-4785-AB65-BA73FF6734F1}.Debug|Win32.Build.0 = Debug|Win32
		{ED1BCACF-F01A-4785-AB65-BA73FF6734F1}.Debug|x64.ActiveCfg = Debug|x64
		{ED1BCACF-F01A-4785-AB65-BA73FF6734F1}.Debug|x64.Build.0 = Debug|x64
		{ED1BCACF-F01A-4785-AB65-BA73FF6734F1}.Release|Win32.ActiveCfg = Release|Win32
		{ED1BCACF-F01A-4785-AB65-BA73FF6734F1}.Release|Win32.Build.0 = Release|Win32
		{ED1BCACF-F01A-4785-AB65-BA73FF6734F1}.Release|x64.ActiveCfg = Release|x64
		{ED1BCACF-F01A-4785-AB65-BA73FF6734F1}.Release|x64.Build.0 = Release|x64
		{7C2B1D9E-CCBB-4D3E-A1A3-403DB73C4145}.Debug|Win32.ActiveCfg = Debug|Win32
		{7C2B1D9E-CCBB-4D3E-A1A3-403DB73C4145}.Debug|Win32.Build.0 = Debug|Win32
		{7C2B1D9E-CCBB-4D3E-A1A3-403DB73C4145}.Debug|x64.ActiveCfg = Debug|x64
		{7C2B1D9E-CCBB-4D3E-A1A3-403DB73C4145}.Debug|x64.Build.0 = Debug|x64
		{7C2B1D9E-CCBB-4D3E-A1A3-403DB73C4145}.Release|Win32.ActiveCfg = Release|Win32
		{7C2B1D9E-CCBB-4D3E-A1A3-403DB73C4145}.Release|Win32.Build.0 = Release|Win32
		{7C2B1D9E-CCBB-4D3E-A1A3-403DB73C4145}.Release|x64.ActiveCfg = Release|x64
		{7C2B1D9E-CCBB-4D3E-A1A3-403DB73C4145}.Release|x64.Build.0 = Release|x64
		{15799FB3-A1BD-4B65-8CD4-FAF4DFBDF889}.Debug|Win32.ActiveCfg = Debug|Win32
		{15799FB3-A1BD-4B65-8CD4-FAF4DFBDF889}.Debug|Win32.Build.0 = Debug|Win32
		{15799FB3-A1BD-4B65-8CD4-FAF4DFBDF889}.Debug|x64.ActiveCfg = Debug|x64
		{15799FB3-A1BD-4B65-8CD4-FAF4DFBDF889}.Debug|x64.Build.0 = Debug|x64
		{15799FB3-A1BD-4B65-8CD4-FAF4DFBDF889}.Release|Win32.ActiveCfg = Release|Win32
		{15799FB3-A1BD-4B65-8CD4-FAF4DFBDF889}.Release|Win32.Build.0 = Release|Win32
		{15799FB3-A1BD-4B65-8CD4-FAF4DFBDF889}.Release|x64.ActiveCfg = Release|x64
		{15799FB3-A1BD-4B65-8CD4-FAF4DFBDF889}.Release|x64.Build.0 = Release|x64
		{5A635794-C345-4736-82EC-734AAB4D74D5}.Debug|Win32.ActiveCfg = Debug|Win32
		{5A635794-C345-4736-82EC-734AAB4D74D5}.Debug|Win32.Build.0 = Debug|Win32
		{5A635794-C345-4736-82EC-734AAB4D74D5}.Debug|x64.ActiveCfg = Debug|x64
		{5A635794-C345-4736-82EC-734AAB4D74D5}.Debug|x64.Build.0 = Debug|x64
		{5A635794-C345-4736-82EC-734AAB4D74D5}.Release|Win32.ActiveCfg = Release|Win32
		{5A635794-C345-4736-82EC-734AAB4D74D5}.Release|Win32.Build.0 = Release|Win32
		{5A635794-C345-4736-82EC-734AAB4D74D5}.Release|x64.ActiveCfg = Release|x64
		{5A635794-C345-4736-82EC-734AAB4D74D5}.Release|x64.Build.0 = Release|x64
		{76766B1D-38CA-45A6-B92E-3A5ADFF3B14B}.Debug|Win32.ActiveCfg = Debug|Win32
		{76766B1D-38CA-45A6-B92E-3A5ADFF3B14B}.Debug|Win32.Build.0 = Debug|Win32
		{76766B1D-38CA-45A6-B92E-3A5ADFF3B14B}.Debug|x64.ActiveCfg = Debug|x64
		{76766B1D-38CA-45A6-B92E-3A5ADFF3B14B}.Debug|x64.Build.0 = Debug|x64
		{76766B1D-38CA-45A6-B92E-3A5ADFF3B14B}.Release|Win32.ActiveCfg = Release|Win32
		{76766B1D-38CA-45A6-B92E-3A5ADFF3B14B}.Release|Win32.Build.0 = Release|Win32
		{76766B1D-38CA-45A6-B92E-3A5ADFF3B14B}.Release|x64.ActiveCfg = Release|x64
		{76766B1D-38CA-45A6-B92E-3A5ADFF3B14B}.Release|x64.Build.0 = Release|x64
		{8B5BFA91-B2AB-4A1C-879B-4502DB9EC718}.Debug|Win32.ActiveCfg = Debug|Win32
		{8B5BFA91-B2AB-4A1C-879B-4502DB9EC718}.Debug|Win32.Build.0 = Debug|Win32
		{8B5BFA91-B2AB-4A1C-879B-4502DB9EC718}.Debug|x64.ActiveCfg = Debug|x64
		{8B5BFA91-B2AB-4A1C-879B-4502DB9EC718}.Debug|x64.Build.0 = Debug|x64
		{8B5BFA91-B2AB-4A1C-879B-4502DB9EC718}.Release|Win32.ActiveCfg = Release|Win32
		{8B5BFA91-B2AB-4A1C-879B-4502DB9EC718}.Release|Win32.Build.0 = Release|Win32
		{8B5BFA91-B2AB-4A1C-879B-4502DB9EC718}.Release|x64.ActiveCfg = Release|x64
		{8B5BFA91-B2AB-4A1C-879B-4502DB9EC718}.Release|x64.Build.0 = Release|x64
	EndGlobalSection
	GlobalSection(SolutionProperties) = preSolution
		HideSolutionNode = FALSE
	EndGlobalSection
	GlobalSection(NestedProjects) = preSolution
		{49A7BD43-2C8C-43E9-A9FD-241D549B891D} = {F27FC678-F445-4972-BEEE-7F6303F6B3D4}
		{0922B58A-FA8E-4FAA-BA13-93B7E13E2A4E} = {F27FC678-F445-4972-BEEE-7F6303F6B3D4}
		{0E44789B-AA97-4DD0-9A6B-E901791E8685} = {F27FC678-F445-4972-BEEE-7F6303F6B3D4}
		{6E768DD8-A6BF-4EBE-8EC4-DC9624F1C983} = {F27FC678-F445-4972-BEEE-7F6303F6B3D4}
		{70D9582B-3C1B-44A4-90F1-9CCEA1EDEBA6} = {F27FC678-F445-4972-BEEE-7F6303F6B3D4}
		{07D8D1D0-ABAA-417A-AFBF-7AB0C8B43263} = {F27FC678-F445-4972-BEEE-7F6303F6B3D4}
		{5927433E-C523-4DA8-AB6B-76FFD00A14A1} = {F27FC678-F445-4972-BEEE-7F6303F6B3D4}
		{C33A521D-4923-4F25-B423-6E921BB4851D} = {49A7BD43-2C8C-43E9-A9FD-241D549B891D}
		{B61D2FDE-0ADF-4403-BCAF-12C331957D2E} = {49A7BD43-2C8C-43E9-A9FD-241D549B891D}
		{12E18618-4347-4996-8B2D-44BA412B8596} = {0922B58A-FA8E-4FAA-BA13-93B7E13E2A4E}
		{0110C098-1617-4D24-9CF2-BE8265771627} = {0E44789B-AA97-4DD0-9A6B-E901791E8685}
		{ADA71F18-0214-4B6C-A160-382D01014160} = {6E768DD8-A6BF-4EBE-8EC4-DC9624F1C983}
		{37C7A15D-1051-4E4F-BC7B-5402462B92FC} = {6E768DD8-A6BF-4EBE-8EC4-DC9624F1C983}
		{8DA0ABEF-DFE2-427A-8027-973391D11D09} = {70D9582B-3C1B-44A4-90F1-9CCEA1EDEBA6}
		{9063FFF5-0C7F-4800-95E9-E7A12FA796D7} = {70D9582B-3C1B-44A4-90F1-9CCEA1EDEBA6}
		{0677F97A-14A0-4A6A-A39D-3E968C610BC7} = {70D9582B-3C1B-44A4-90F1-9CCEA1EDEBA6}
		{5AA184D8-8D2E-4EE9-A394-C70CB1FB156D} = {70D9582B-3C1B-44A4-90F1-9CCEA1EDEBA6}
		{BC28D4DE-3520-4A2D-A0C2-9723621D66F0} = {70D9582B-3C1B-44A4-90F1-9CCEA1EDEBA6}
		{1E0EA61F-F791-437E-A1EA-3FF61E7E6466} = {70D9582B-3C1B-44A4-90F1-9CCEA1EDEBA6}
		{FA57DFAA-59AB-4DD0-B045-CFCD1323F533} = {70D9582B-3C1B-44A4-90F1-9CCEA1EDEBA6}
		{AE6DDADB-A500-402A-BAF3-70F9C4B1233D} = {70D9582B-3C1B-44A4-90F1-9CCEA1EDEBA6}
		{35E8E418-B3A8-47F4-983A-9447BF4BA8C1} = {70D9582B-3C1B-44A4-90F1-9CCEA1EDEBA6}
		{1E8F7AB5-0A00-4E9E-90E9-8BAAA7BB2F45} = {70D9582B-3C1B-44A4-90F1-9CCEA1EDEBA6}
		{C5F769A6-5691-4472-90D4-47645F0E7EF0} = {70D9582B-3C1B-44A4-90F1-9CCEA1EDEBA6}
		{3153D3C1-F524-493A-B44A-BD4CF2C840B3} = {70D9582B-3C1B-44A4-90F1-9CCEA1EDEBA6}
		{8A1C6556-5368-4FC1-A4D6-B54E7F28C7DB} = {70D9582B-3C1B-44A4-90F1-9CCEA1EDEBA6}
		{B812F39F-C144-4E0C-816B-CBC0518F8E83} = {70D9582B-3C1B-44A4-90F1-9CCEA1EDEBA6}
		{204D5C26-21E8-4C6E-B5FC-A8197FAAA08E} = {70D9582B-3C1B-44A4-90F1-9CCEA1EDEBA6}
		{ED1BCACF-F01A-4785-AB65-BA73FF6734F1} = {70D9582B-3C1B-44A4-90F1-9CCEA1EDEBA6}
		{7C2B1D9E-CCBB-4D3E-A1A3-403DB73C4145} = {70D9582B-3C1B-44A4-90F1-9CCEA1EDEBA6}
		{15799FB3-A1BD-4B65-8CD4-FAF4DFBDF889} = {70D9582B-3C1B-44A4-90F1-9CCEA1EDEBA6}
		{5A635794-C345-4736-82EC-734AAB4D74D5} = {07D8D1D0-ABAA-417A-AFBF-7AB0C8B43263}
		{76766B1D-38CA-45A6-B92E-3A5ADFF3B14B} = {07D8D1D0-ABAA-417A-AFBF-7AB0C8B43263}
		{8B5BFA91-B2AB-4A1C-879B-4502DB9EC718} = {5927433E-C523-4DA8-AB6B-76FFD00A14A1}
	EndGlobalSection
EndGlobal
