
Microsoft Visual Studio Solution File, Format Version 9.00
# Visual Studio 2005
Project("{8BC9CEB8-8B4A-11D0-8D11-00A0C91BC942}") = "staff_test_client", "staff_test_client.vcproj", "{31DFC1BC-999D-474D-9F2F-415231BA2271}"
EndProject
Project("{2150E333-8FDC-42A3-9474-1A3956D46DE8}") = "Элементы решения", "Элементы решения", "{F64712EE-87F6-4D93-94B0-1F7E36A2B01D}"
	ProjectSection(SolutionItems) = preProject
		..\..\..\doc\reverse_eng\staff_test_client.vsd = ..\..\..\doc\reverse_eng\staff_test_client.vsd
	EndProjectSection
EndProject
Global
	GlobalSection(SolutionConfigurationPlatforms) = preSolution
		Debug|Win32 = Debug|Win32
		Release|Win32 = Release|Win32
	EndGlobalSection
	GlobalSection(ProjectConfigurationPlatforms) = postSolution
		{31DFC1BC-999D-474D-9F2F-415231BA2271}.Debug|Win32.ActiveCfg = Debug|Win32
		{31DFC1BC-999D-474D-9F2F-415231BA2271}.Debug|Win32.Build.0 = Debug|Win32
		{31DFC1BC-999D-474D-9F2F-415231BA2271}.Release|Win32.ActiveCfg = Release|Win32
		{31DFC1BC-999D-474D-9F2F-415231BA2271}.Release|Win32.Build.0 = Release|Win32
	EndGlobalSection
	GlobalSection(SolutionProperties) = preSolution
		HideSolutionNode = FALSE
	EndGlobalSection
EndGlobal
